{
  "version": 4,
  "terraform_version": "0.13.5",
  "serial": 27,
  "lineage": "fea13ee6-1dcd-e017-6787-745c992da524",
  "outputs": {
    "clusterautoscalar-role-arn": {
      "value": "arn:aws:iam::836079437595:role/dev_ca_role",
      "type": "string"
    },
    "config-map-aws-auth": {
      "value": "\n\napiVersion: v1\nkind: ConfigMap\nmetadata:\n  name: aws-auth\n  namespace: kube-system\ndata:\n  mapRoles: |\n    - rolearn: arn:aws:iam::836079437595:role/terraform-eks-development-node\n      username: system:node:{{EC2PrivateDNSName}}\n      groups:\n        - system:bootstrappers\n        - system:nodes\n",
      "type": "string"
    },
    "kubeconfig": {
      "value": "\n\napiVersion: v1\nclusters:\n- cluster:\n    server: https://82EE65D80325927C75884989E870777F.gr7.us-east-1.eks.amazonaws.com\n    certificate-authority-data: LS0tLS1CRUdJTiBDRVJUSUZJQ0FURS0tLS0tCk1JSUN5RENDQWJDZ0F3SUJBZ0lCQURBTkJna3Foa2lHOXcwQkFRc0ZBREFWTVJNd0VRWURWUVFERXdwcmRXSmwKY201bGRHVnpNQjRYRFRJeE1ESXlNekV6TlRVME0xb1hEVE14TURJeU1URXpOVFUwTTFvd0ZURVRNQkVHQTFVRQpBeE1LYTNWaVpYSnVaWFJsY3pDQ0FTSXdEUVlKS29aSWh2Y05BUUVCQlFBRGdnRVBBRENDQVFvQ2dnRUJBSm9nCmpuUU1lOVZvRXNOa25QTTYzbnN0TjdKSzF0MWM0UXg3dnBUWEZ3WUhnNGpnaTRobS9ZY01nblB3UENBM3orN3YKczhMMFJjZmw4ZE9sbjVXdW1NemZuY2VyUW5DbTJ3Y1pqaDMxRUZlZmRkazNPQkF0bCsrdUw5d1JiQkMydEpLRQpYK1FlRmdzL2xLRDJmYjFrTDZzbkVGa2RJRmtNbC9tcnRtYzh6REsxbmlHc0tSdHl3WG53ODFoeDRndWtoaWVFCmF2d054WEdlM1VoR1ZpZFVOUTBRTVdRMnZicUdNVXJ3OFA0K0lQMlc1OEpQVUJOZnVIdUVFUXZtVGNrZjU2V00KYlZVRktkSFRGViszREd1Z1N4SEZUcDZoU0lGZXBub01qUTQwV1d3dnQyZldaZTFQMjd0Q2taSi85K201QlpISQovSTVqaU9DTDlJbmxSd2V0bTJNQ0F3RUFBYU1qTUNFd0RnWURWUjBQQVFIL0JBUURBZ0trTUE4R0ExVWRFd0VCCi93UUZNQU1CQWY4d0RRWUpLb1pJaHZjTkFRRUxCUUFEZ2dFQkFDRU9oaUVaUE81cWxOVFdmZW5xbWxBVkFUemIKZHo5cXFoRm9jWG5FVyttbWNpeHJrT2QzRzAveDFxU09uU1E5cUFuRFFJbjh3cjhoWWFPL0hkU1FJMEFWaU8vNQp1YkxxcTdNQVB2V1ozaU5VdXE0b05oK0RQSzZGbHhndmx1VU5lZE1KYzJYZysySUZwM0dRSmtQM1RMZUdROXdsCkprSmRYdVc2VFVtTVhSRGxUd0s4U2RZOXJ5U2Y5OE5DbWJFRG1PQi95NUtwZDZxOUR6eFlWZVhxa3hKOFR5cjkKeGp1MC82WGdJcGIwMkFGd1RGUHRtSndaaEpKOW1wTUs2K2J4anNaeHJOd1g1Y0REend4alZ4SC9kWjJsVWhWdgo1UUM0Ujd5TTYvTGlpdUZlMkFpQ1gyUzNnMW1EWTFMYmxJZEU3RTZxRmpsSks5WjdiVFdIOE5xR21GST0KLS0tLS1FTkQgQ0VSVElGSUNBVEUtLS0tLQo=\n  name: kubernetes\ncontexts:\n- context:\n    cluster: kubernetes\n    user: aws\n  name: aws\ncurrent-context: aws\nkind: Config\npreferences: {}\nusers:\n- name: aws\n  user:\n    exec:\n      apiVersion: client.authentication.k8s.io/v1alpha1\n      command: aws-iam-authenticator\n      args:\n        - \"token\"\n        - \"-i\"\n        - \"eks-develop\"\n",
      "type": "string"
    }
  },
  "resources": [
    {
      "mode": "data",
      "type": "aws_availability_zones",
      "name": "available",
      "provider": "provider[\"registry.terraform.io/hashicorp/aws\"]",
      "instances": [
        {
          "schema_version": 0,
          "attributes": {
            "all_availability_zones": null,
            "exclude_names": null,
            "exclude_zone_ids": null,
            "filter": null,
            "group_names": [
              "us-east-1"
            ],
            "id": "us-east-1",
            "names": [
              "us-east-1a",
              "us-east-1b",
              "us-east-1c",
              "us-east-1d",
              "us-east-1e",
              "us-east-1f"
            ],
            "state": null,
            "zone_ids": [
              "use1-az6",
              "use1-az1",
              "use1-az2",
              "use1-az4",
              "use1-az3",
              "use1-az5"
            ]
          }
        }
      ]
    },
    {
      "mode": "data",
      "type": "aws_region",
      "name": "current",
      "provider": "provider[\"registry.terraform.io/hashicorp/aws\"]",
      "instances": [
        {
          "schema_version": 0,
          "attributes": {
            "description": "US East (N. Virginia)",
            "endpoint": "ec2.us-east-1.amazonaws.com",
            "id": "us-east-1",
            "name": "us-east-1"
          }
        }
      ]
    },
    {
      "mode": "managed",
      "type": "aws_autoscaling_group",
      "name": "dev-private-v16-new",
      "provider": "provider[\"registry.terraform.io/hashicorp/aws\"]",
      "instances": [
        {
          "schema_version": 0,
          "attributes": {
            "arn": "arn:aws:autoscaling:us-east-1:836079437595:autoScalingGroup:939044b8-d7f3-4f0c-bdc8-453213012975:autoScalingGroupName/terraform-eks-dev-private-v16-new",
            "availability_zones": [
              "us-east-1a",
              "us-east-1b",
              "us-east-1c"
            ],
            "default_cooldown": 300,
            "desired_capacity": 8,
            "enabled_metrics": [],
            "force_delete": false,
            "health_check_grace_period": 300,
            "health_check_type": "EC2",
            "id": "terraform-eks-dev-private-v16-new",
            "initial_lifecycle_hook": [],
            "launch_configuration": "terraform-eks-dev-private-v1620210406071523013700000001",
            "launch_template": [],
            "load_balancers": [],
            "max_instance_lifetime": 0,
            "max_size": 8,
            "metrics_granularity": "1Minute",
            "min_elb_capacity": null,
            "min_size": 3,
            "mixed_instances_policy": [],
            "name": "terraform-eks-dev-private-v16-new",
            "name_prefix": null,
            "placement_group": "",
            "protect_from_scale_in": false,
            "service_linked_role_arn": "arn:aws:iam::836079437595:role/aws-service-role/autoscaling.amazonaws.com/AWSServiceRoleForAutoScaling",
            "suspended_processes": [],
            "tag": [
              {
                "key": "ENVIRONMENT",
                "propagate_at_launch": true,
                "value": "DEVELOPMENT"
              },
              {
                "key": "Name",
                "propagate_at_launch": true,
                "value": "eks-worker-dev-private-node"
              },
              {
                "key": "OWNER",
                "propagate_at_launch": true,
                "value": "SURESH"
              },
              {
                "key": "PRODUCT",
                "propagate_at_launch": true,
                "value": "EKS-DEV"
              },
              {
                "key": "TEAM",
                "propagate_at_launch": true,
                "value": "DEVOPS"
              },
              {
                "key": "k8s.io/cluster-autoscaler/eks-develop",
                "propagate_at_launch": true,
                "value": ""
              },
              {
                "key": "k8s.io/cluster-autoscaler/enabled",
                "propagate_at_launch": true,
                "value": ""
              },
              {
                "key": "kubernetes.io/cluster/eks-develop",
                "propagate_at_launch": true,
                "value": "owned"
              }
            ],
            "tags": null,
            "target_group_arns": [],
            "termination_policies": [],
            "timeouts": null,
            "vpc_zone_identifier": [
              "subnet-0673ae596da57e2db",
              "subnet-0acb01add82d7db5f",
              "subnet-0cf37863f39361a95"
            ],
            "wait_for_capacity_timeout": "10m",
            "wait_for_elb_capacity": null
          },
          "private": "eyJlMmJmYjczMC1lY2FhLTExZTYtOGY4OC0zNDM2M2JjN2M0YzAiOnsiZGVsZXRlIjo2MDAwMDAwMDAwMDB9fQ==",
          "dependencies": [
            "aws_eks_cluster.dev",
            "aws_iam_instance_profile.dev-node",
            "aws_iam_role.dev-cluster",
            "aws_iam_role_policy_attachment.dev-cluster-AmazonEKSClusterPolicy",
            "aws_iam_role_policy_attachment.dev-cluster-AmazonEKSServicePolicy",
            "aws_launch_configuration.dev-private-v16-new",
            "aws_security_group.dev-cluster-sg",
            "aws_security_group.dev-node",
            "aws_subnet.private-dev"
          ]
        }
      ]
    },
    {
      "mode": "managed",
      "type": "aws_autoscaling_group",
      "name": "prometheus-monitoring-v15",
      "provider": "provider[\"registry.terraform.io/hashicorp/aws\"]",
      "instances": [
        {
          "schema_version": 0,
          "attributes": {
            "arn": "arn:aws:autoscaling:us-east-1:836079437595:autoScalingGroup:0f1f495b-65ee-4feb-a244-8f2aeb3cf11d:autoScalingGroupName/terraform-eks-prometheus-dev-v15",
            "availability_zones": [
              "us-east-1a",
              "us-east-1b",
              "us-east-1c"
            ],
            "default_cooldown": 300,
            "desired_capacity": 1,
            "enabled_metrics": [],
            "force_delete": false,
            "health_check_grace_period": 300,
            "health_check_type": "EC2",
            "id": "terraform-eks-prometheus-dev-v15",
            "initial_lifecycle_hook": [],
            "launch_configuration": "terraform-eks-statefulset-mon-v1520210316141930999500000001",
            "launch_template": [],
            "load_balancers": [],
            "max_instance_lifetime": 0,
            "max_size": 2,
            "metrics_granularity": "1Minute",
            "min_elb_capacity": null,
            "min_size": 1,
            "mixed_instances_policy": [],
            "name": "terraform-eks-prometheus-dev-v15",
            "name_prefix": null,
            "placement_group": "",
            "protect_from_scale_in": false,
            "service_linked_role_arn": "arn:aws:iam::836079437595:role/aws-service-role/autoscaling.amazonaws.com/AWSServiceRoleForAutoScaling",
            "suspended_processes": [],
            "tag": [
              {
                "key": "ENVIRONMENT",
                "propagate_at_launch": true,
                "value": "DEVELOPMENT"
              },
              {
                "key": "Name",
                "propagate_at_launch": true,
                "value": "prometheus-dev-k8s-node-v15"
              },
              {
                "key": "OWNER",
                "propagate_at_launch": true,
                "value": "SURESH"
              },
              {
                "key": "PRODUCT",
                "propagate_at_launch": true,
                "value": "MONITORING"
              },
              {
                "key": "TEAM",
                "propagate_at_launch": true,
                "value": "DEVOPS"
              },
              {
                "key": "WORKLOAD",
                "propagate_at_launch": true,
                "value": "Stateful"
              },
              {
                "key": "kubernetes.io/cluster/eks-develop",
                "propagate_at_launch": true,
                "value": "owned"
              }
            ],
            "tags": null,
            "target_group_arns": [],
            "termination_policies": [],
            "timeouts": null,
            "vpc_zone_identifier": [
              "subnet-0673ae596da57e2db",
              "subnet-0acb01add82d7db5f",
              "subnet-0cf37863f39361a95"
            ],
            "wait_for_capacity_timeout": "10m",
            "wait_for_elb_capacity": null
          },
          "private": "eyJlMmJmYjczMC1lY2FhLTExZTYtOGY4OC0zNDM2M2JjN2M0YzAiOnsiZGVsZXRlIjo2MDAwMDAwMDAwMDB9fQ==",
          "dependencies": [
            "aws_eks_cluster.dev",
            "aws_iam_instance_profile.dev-node",
            "aws_launch_configuration.prometheus-monitoring-v15",
            "aws_security_group.dev-node",
            "aws_subnet.private-dev"
          ]
        }
      ]
    },
    {
      "mode": "managed",
      "type": "aws_autoscaling_group",
      "name": "prometheus-monitoring-v16",
      "provider": "provider[\"registry.terraform.io/hashicorp/aws\"]",
      "instances": [
        {
          "schema_version": 0,
          "attributes": {
            "arn": "arn:aws:autoscaling:us-east-1:836079437595:autoScalingGroup:b3bd10b9-03fa-4a47-823c-ab9f9cb5cfc9:autoScalingGroupName/terraform-eks-prometheus-dev-v16",
            "availability_zones": [
              "us-east-1a",
              "us-east-1b",
              "us-east-1c"
            ],
            "default_cooldown": 300,
            "desired_capacity": 1,
            "enabled_metrics": [],
            "force_delete": false,
            "health_check_grace_period": 300,
            "health_check_type": "EC2",
            "id": "terraform-eks-prometheus-dev-v16",
            "initial_lifecycle_hook": [],
            "launch_configuration": "terraform-eks-statefulset-mon-v1620210406071523022600000002",
            "launch_template": [],
            "load_balancers": [],
            "max_instance_lifetime": 0,
            "max_size": 2,
            "metrics_granularity": "1Minute",
            "min_elb_capacity": null,
            "min_size": 1,
            "mixed_instances_policy": [],
            "name": "terraform-eks-prometheus-dev-v16",
            "name_prefix": null,
            "placement_group": "",
            "protect_from_scale_in": false,
            "service_linked_role_arn": "arn:aws:iam::836079437595:role/aws-service-role/autoscaling.amazonaws.com/AWSServiceRoleForAutoScaling",
            "suspended_processes": [],
            "tag": [
              {
                "key": "ENVIRONMENT",
                "propagate_at_launch": true,
                "value": "DEVELOPMENT"
              },
              {
                "key": "Name",
                "propagate_at_launch": true,
                "value": "prometheus-dev-k8s-node-v16"
              },
              {
                "key": "OWNER",
                "propagate_at_launch": true,
                "value": "SURESH"
              },
              {
                "key": "PRODUCT",
                "propagate_at_launch": true,
                "value": "MONITORING"
              },
              {
                "key": "TEAM",
                "propagate_at_launch": true,
                "value": "DEVOPS"
              },
              {
                "key": "WORKLOAD",
                "propagate_at_launch": true,
                "value": "Stateful"
              },
              {
                "key": "kubernetes.io/cluster/eks-develop",
                "propagate_at_launch": true,
                "value": "owned"
              }
            ],
            "tags": null,
            "target_group_arns": [],
            "termination_policies": [],
            "timeouts": null,
            "vpc_zone_identifier": [
              "subnet-0673ae596da57e2db",
              "subnet-0acb01add82d7db5f",
              "subnet-0cf37863f39361a95"
            ],
            "wait_for_capacity_timeout": "10m",
            "wait_for_elb_capacity": null
          },
          "private": "eyJlMmJmYjczMC1lY2FhLTExZTYtOGY4OC0zNDM2M2JjN2M0YzAiOnsiZGVsZXRlIjo2MDAwMDAwMDAwMDB9fQ==",
          "dependencies": [
            "aws_eks_cluster.dev",
            "aws_iam_instance_profile.dev-node",
            "aws_iam_role.dev-cluster",
            "aws_iam_role_policy_attachment.dev-cluster-AmazonEKSClusterPolicy",
            "aws_iam_role_policy_attachment.dev-cluster-AmazonEKSServicePolicy",
            "aws_launch_configuration.prometheus-monitoring-v16",
            "aws_security_group.dev-cluster-sg",
            "aws_security_group.dev-node",
            "aws_subnet.private-dev"
          ]
        }
      ]
    },
    {
      "mode": "managed",
      "type": "aws_cloudwatch_log_group",
      "name": "flowlogs-log-group",
      "provider": "provider[\"registry.terraform.io/hashicorp/aws\"]",
      "instances": [
        {
          "schema_version": 0,
          "attributes": {
            "arn": "arn:aws:logs:us-east-1:836079437595:log-group:eks-develop-vpc-flowlogs",
            "id": "eks-develop-vpc-flowlogs",
            "kms_key_id": "",
            "name": "eks-develop-vpc-flowlogs",
            "name_prefix": null,
            "retention_in_days": 365,
            "tags": {}
          },
          "private": "bnVsbA=="
        }
      ]
    },
    {
      "mode": "managed",
      "type": "aws_eip",
      "name": "nat",
      "provider": "provider[\"registry.terraform.io/hashicorp/aws\"]",
      "instances": [
        {
          "index_key": 0,
          "schema_version": 0,
          "attributes": {
            "allocation_id": null,
            "associate_with_private_ip": null,
            "association_id": "eipassoc-0f57860a78cde5fdc",
            "customer_owned_ip": "",
            "customer_owned_ipv4_pool": "",
            "domain": "vpc",
            "id": "eipalloc-05bf2bd2faa942735",
            "instance": "",
            "network_border_group": "us-east-1",
            "network_interface": "eni-00844de230c1e72ba",
            "private_dns": "ip-10-16-3-54.ec2.internal",
            "private_ip": "10.16.3.54",
            "public_dns": "ec2-54-226-22-99.compute-1.amazonaws.com",
            "public_ip": "54.226.22.99",
            "public_ipv4_pool": "amazon",
            "tags": {},
            "timeouts": null,
            "vpc": true
          },
          "private": "eyJlMmJmYjczMC1lY2FhLTExZTYtOGY4OC0zNDM2M2JjN2M0YzAiOnsiZGVsZXRlIjoxODAwMDAwMDAwMDAsInJlYWQiOjkwMDAwMDAwMDAwMCwidXBkYXRlIjozMDAwMDAwMDAwMDB9fQ=="
        },
        {
          "index_key": 1,
          "schema_version": 0,
          "attributes": {
            "allocation_id": null,
            "associate_with_private_ip": null,
            "association_id": "eipassoc-0b28612a509c7d932",
            "customer_owned_ip": "",
            "customer_owned_ipv4_pool": "",
            "domain": "vpc",
            "id": "eipalloc-01c13fe8e6db237c1",
            "instance": "",
            "network_border_group": "us-east-1",
            "network_interface": "eni-0fa21c90d38c87fc1",
            "private_dns": "ip-10-16-5-38.ec2.internal",
            "private_ip": "10.16.5.38",
            "public_dns": "ec2-34-194-143-0.compute-1.amazonaws.com",
            "public_ip": "34.194.143.0",
            "public_ipv4_pool": "amazon",
            "tags": {},
            "timeouts": null,
            "vpc": true
          },
          "private": "eyJlMmJmYjczMC1lY2FhLTExZTYtOGY4OC0zNDM2M2JjN2M0YzAiOnsiZGVsZXRlIjoxODAwMDAwMDAwMDAsInJlYWQiOjkwMDAwMDAwMDAwMCwidXBkYXRlIjozMDAwMDAwMDAwMDB9fQ=="
        },
        {
          "index_key": 2,
          "schema_version": 0,
          "attributes": {
            "allocation_id": null,
            "associate_with_private_ip": null,
            "association_id": "eipassoc-0944aaf9041c7e886",
            "customer_owned_ip": "",
            "customer_owned_ipv4_pool": "",
            "domain": "vpc",
            "id": "eipalloc-0ddd0003c9ef76f17",
            "instance": "",
            "network_border_group": "us-east-1",
            "network_interface": "eni-0fe8a70c26f6f4e59",
            "private_dns": "ip-10-16-9-235.ec2.internal",
            "private_ip": "10.16.9.235",
            "public_dns": "ec2-54-173-105-162.compute-1.amazonaws.com",
            "public_ip": "54.173.105.162",
            "public_ipv4_pool": "amazon",
            "tags": {},
            "timeouts": null,
            "vpc": true
          },
          "private": "eyJlMmJmYjczMC1lY2FhLTExZTYtOGY4OC0zNDM2M2JjN2M0YzAiOnsiZGVsZXRlIjoxODAwMDAwMDAwMDAsInJlYWQiOjkwMDAwMDAwMDAwMCwidXBkYXRlIjozMDAwMDAwMDAwMDB9fQ=="
        }
      ]
    },
    {
      "mode": "managed",
      "type": "aws_eks_cluster",
      "name": "dev",
      "provider": "provider[\"registry.terraform.io/hashicorp/aws\"]",
      "instances": [
        {
          "schema_version": 0,
          "attributes": {
            "arn": "arn:aws:eks:us-east-1:836079437595:cluster/eks-develop",
            "certificate_authority": [
              {
                "data": "LS0tLS1CRUdJTiBDRVJUSUZJQ0FURS0tLS0tCk1JSUN5RENDQWJDZ0F3SUJBZ0lCQURBTkJna3Foa2lHOXcwQkFRc0ZBREFWTVJNd0VRWURWUVFERXdwcmRXSmwKY201bGRHVnpNQjRYRFRJeE1ESXlNekV6TlRVME0xb1hEVE14TURJeU1URXpOVFUwTTFvd0ZURVRNQkVHQTFVRQpBeE1LYTNWaVpYSnVaWFJsY3pDQ0FTSXdEUVlKS29aSWh2Y05BUUVCQlFBRGdnRVBBRENDQVFvQ2dnRUJBSm9nCmpuUU1lOVZvRXNOa25QTTYzbnN0TjdKSzF0MWM0UXg3dnBUWEZ3WUhnNGpnaTRobS9ZY01nblB3UENBM3orN3YKczhMMFJjZmw4ZE9sbjVXdW1NemZuY2VyUW5DbTJ3Y1pqaDMxRUZlZmRkazNPQkF0bCsrdUw5d1JiQkMydEpLRQpYK1FlRmdzL2xLRDJmYjFrTDZzbkVGa2RJRmtNbC9tcnRtYzh6REsxbmlHc0tSdHl3WG53ODFoeDRndWtoaWVFCmF2d054WEdlM1VoR1ZpZFVOUTBRTVdRMnZicUdNVXJ3OFA0K0lQMlc1OEpQVUJOZnVIdUVFUXZtVGNrZjU2V00KYlZVRktkSFRGViszREd1Z1N4SEZUcDZoU0lGZXBub01qUTQwV1d3dnQyZldaZTFQMjd0Q2taSi85K201QlpISQovSTVqaU9DTDlJbmxSd2V0bTJNQ0F3RUFBYU1qTUNFd0RnWURWUjBQQVFIL0JBUURBZ0trTUE4R0ExVWRFd0VCCi93UUZNQU1CQWY4d0RRWUpLb1pJaHZjTkFRRUxCUUFEZ2dFQkFDRU9oaUVaUE81cWxOVFdmZW5xbWxBVkFUemIKZHo5cXFoRm9jWG5FVyttbWNpeHJrT2QzRzAveDFxU09uU1E5cUFuRFFJbjh3cjhoWWFPL0hkU1FJMEFWaU8vNQp1YkxxcTdNQVB2V1ozaU5VdXE0b05oK0RQSzZGbHhndmx1VU5lZE1KYzJYZysySUZwM0dRSmtQM1RMZUdROXdsCkprSmRYdVc2VFVtTVhSRGxUd0s4U2RZOXJ5U2Y5OE5DbWJFRG1PQi95NUtwZDZxOUR6eFlWZVhxa3hKOFR5cjkKeGp1MC82WGdJcGIwMkFGd1RGUHRtSndaaEpKOW1wTUs2K2J4anNaeHJOd1g1Y0REend4alZ4SC9kWjJsVWhWdgo1UUM0Ujd5TTYvTGlpdUZlMkFpQ1gyUzNnMW1EWTFMYmxJZEU3RTZxRmpsSks5WjdiVFdIOE5xR21GST0KLS0tLS1FTkQgQ0VSVElGSUNBVEUtLS0tLQo="
              }
            ],
            "created_at": "2021-02-23 13:46:44.601 +0000 UTC",
            "enabled_cluster_log_types": [],
            "encryption_config": [],
            "endpoint": "https://82EE65D80325927C75884989E870777F.gr7.us-east-1.eks.amazonaws.com",
            "id": "eks-develop",
            "identity": [
              {
                "oidc": [
                  {
                    "issuer": "https://oidc.eks.us-east-1.amazonaws.com/id/82EE65D80325927C75884989E870777F"
                  }
                ]
              }
            ],
            "name": "eks-develop",
            "platform_version": "eks.6",
            "role_arn": "arn:aws:iam::836079437595:role/terraform-eks-dev-cluster",
            "status": "ACTIVE",
            "tags": {
              "ENVIRONMENT": "DEVELOPMENT",
              "FUNCTION": "EKS-DEV",
              "Name": "eks-develop",
              "OWNER": "SURESH",
              "PRODUCT": "EKS-DEV",
              "TEAM": "DEVOPS"
            },
            "timeouts": null,
            "version": "1.16",
            "vpc_config": [
              {
                "cluster_security_group_id": "sg-0a27103ebea367597",
                "endpoint_private_access": true,
                "endpoint_public_access": false,
                "public_access_cidrs": [
                  "0.0.0.0/0"
                ],
                "security_group_ids": [
                  "sg-0c78704b3c765d322"
                ],
                "subnet_ids": [
                  "subnet-0673ae596da57e2db",
                  "subnet-0acb01add82d7db5f",
                  "subnet-0cf37863f39361a95"
                ],
                "vpc_id": "vpc-017a10e7baaa211f9"
              }
            ]
          },
          "private": "eyJlMmJmYjczMC1lY2FhLTExZTYtOGY4OC0zNDM2M2JjN2M0YzAiOnsiY3JlYXRlIjoxODAwMDAwMDAwMDAwLCJkZWxldGUiOjkwMDAwMDAwMDAwMCwidXBkYXRlIjozNjAwMDAwMDAwMDAwfX0=",
          "dependencies": [
            "aws_iam_role.dev-cluster",
            "aws_iam_role_policy_attachment.dev-cluster-AmazonEKSClusterPolicy",
            "aws_iam_role_policy_attachment.dev-cluster-AmazonEKSServicePolicy",
            "aws_security_group.dev-cluster-sg",
            "aws_subnet.private-dev"
          ]
        }
      ]
    },
    {
      "mode": "managed",
      "type": "aws_flow_log",
      "name": "dev-flowlog",
      "provider": "provider[\"registry.terraform.io/hashicorp/aws\"]",
      "instances": [
        {
          "schema_version": 0,
          "attributes": {
            "arn": "arn:aws:ec2:us-east-1:836079437595:vpc-flow-log/fl-0c104ab44bf29cf01",
            "eni_id": null,
            "iam_role_arn": "arn:aws:iam::836079437595:role/EKSDevFlowlogsRole",
            "id": "fl-0c104ab44bf29cf01",
            "log_destination": "arn:aws:logs:us-east-1:836079437595:log-group:eks-develop-vpc-flowlogs",
            "log_destination_type": "cloud-watch-logs",
            "log_format": "${version} ${account-id} ${interface-id} ${srcaddr} ${dstaddr} ${srcport} ${dstport} ${protocol} ${packets} ${bytes} ${start} ${end} ${action} ${log-status}",
            "log_group_name": "eks-develop-vpc-flowlogs",
            "max_aggregation_interval": 600,
            "subnet_id": null,
            "tags": {},
            "traffic_type": "ALL",
            "vpc_id": "vpc-017a10e7baaa211f9"
          },
          "private": "bnVsbA==",
          "dependencies": [
            "aws_cloudwatch_log_group.flowlogs-log-group",
            "aws_iam_role.flowlogs-role",
            "aws_vpc.development"
          ]
        }
      ]
    },
    {
      "mode": "managed",
      "type": "aws_iam_instance_profile",
      "name": "dev-node",
      "provider": "provider[\"registry.terraform.io/hashicorp/aws\"]",
      "instances": [
        {
          "schema_version": 0,
          "attributes": {
            "arn": "arn:aws:iam::836079437595:instance-profile/terraform-eks-develop",
            "create_date": "2021-02-23T13:37:14Z",
            "id": "terraform-eks-develop",
            "name": "terraform-eks-develop",
            "name_prefix": null,
            "path": "/",
            "role": "terraform-eks-development-node",
            "unique_id": "AIPA4FKRXY4N7RQXYBG32"
          },
          "private": "bnVsbA==",
          "dependencies": [
            "aws_iam_role.dev-node"
          ]
        }
      ]
    },
    {
      "mode": "managed",
      "type": "aws_iam_role",
      "name": "dev-cluster",
      "provider": "provider[\"registry.terraform.io/hashicorp/aws\"]",
      "instances": [
        {
          "schema_version": 0,
          "attributes": {
            "arn": "arn:aws:iam::836079437595:role/terraform-eks-dev-cluster",
            "assume_role_policy": "{\"Version\":\"2012-10-17\",\"Statement\":[{\"Effect\":\"Allow\",\"Principal\":{\"Service\":\"eks.amazonaws.com\"},\"Action\":\"sts:AssumeRole\"}]}",
            "create_date": "2021-02-23T13:37:12Z",
            "description": "",
            "force_detach_policies": false,
            "id": "terraform-eks-dev-cluster",
            "max_session_duration": 3600,
            "name": "terraform-eks-dev-cluster",
            "name_prefix": null,
            "path": "/",
            "permissions_boundary": null,
            "tags": {},
            "unique_id": "AROA4FKRXY4NYXY73RQKC"
          },
          "private": "bnVsbA=="
        }
      ]
    },
    {
      "mode": "managed",
      "type": "aws_iam_role",
      "name": "dev-node",
      "provider": "provider[\"registry.terraform.io/hashicorp/aws\"]",
      "instances": [
        {
          "schema_version": 0,
          "attributes": {
            "arn": "arn:aws:iam::836079437595:role/terraform-eks-development-node",
            "assume_role_policy": "{\"Version\":\"2012-10-17\",\"Statement\":[{\"Sid\":\"\",\"Effect\":\"Allow\",\"Principal\":{\"Service\":\"ec2.amazonaws.com\"},\"Action\":\"sts:AssumeRole\"}]}",
            "create_date": "2021-02-23T13:37:12Z",
            "description": "",
            "force_detach_policies": false,
            "id": "terraform-eks-development-node",
            "max_session_duration": 3600,
            "name": "terraform-eks-development-node",
            "name_prefix": null,
            "path": "/",
            "permissions_boundary": null,
            "tags": {},
            "unique_id": "AROA4FKRXY4N433WEDTTM"
          },
          "private": "bnVsbA=="
        }
      ]
    },
    {
      "mode": "managed",
      "type": "aws_iam_role",
      "name": "dev_ca_role",
      "provider": "provider[\"registry.terraform.io/hashicorp/aws\"]",
      "instances": [
        {
          "schema_version": 0,
          "attributes": {
            "arn": "arn:aws:iam::836079437595:role/dev_ca_role",
            "assume_role_policy": "{\"Version\":\"2012-10-17\",\"Statement\":[{\"Sid\":\"\",\"Effect\":\"Allow\",\"Principal\":{\"Service\":\"ec2.amazonaws.com\"},\"Action\":\"sts:AssumeRole\"},{\"Sid\":\"\",\"Effect\":\"Allow\",\"Principal\":{\"AWS\":\"arn:aws:iam::836079437595:role/terraform-eks-development-node\"},\"Action\":\"sts:AssumeRole\"}]}",
            "create_date": "2021-02-23T13:37:20Z",
            "description": "",
            "force_detach_policies": false,
            "id": "dev_ca_role",
            "max_session_duration": 3600,
            "name": "dev_ca_role",
            "name_prefix": null,
            "path": "/",
            "permissions_boundary": null,
            "tags": {},
            "unique_id": "AROA4FKRXY4N36QWK4UVM"
          },
          "private": "bnVsbA==",
          "dependencies": [
            "aws_iam_role.dev-node"
          ]
        }
      ]
    },
    {
      "mode": "managed",
      "type": "aws_iam_role",
      "name": "flowlogs-role",
      "provider": "provider[\"registry.terraform.io/hashicorp/aws\"]",
      "instances": [
        {
          "schema_version": 0,
          "attributes": {
            "arn": "arn:aws:iam::836079437595:role/EKSDevFlowlogsRole",
            "assume_role_policy": "{\"Version\":\"2012-10-17\",\"Statement\":[{\"Sid\":\"\",\"Effect\":\"Allow\",\"Principal\":{\"Service\":\"vpc-flow-logs.amazonaws.com\"},\"Action\":\"sts:AssumeRole\"}]}",
            "create_date": "2021-02-23T13:37:12Z",
            "description": "",
            "force_detach_policies": false,
            "id": "EKSDevFlowlogsRole",
            "max_session_duration": 3600,
            "name": "EKSDevFlowlogsRole",
            "name_prefix": null,
            "path": "/",
            "permissions_boundary": null,
            "tags": {},
            "unique_id": "AROA4FKRXY4NY2Y6322W2"
          },
          "private": "bnVsbA=="
        }
      ]
    },
    {
      "mode": "managed",
      "type": "aws_iam_role_policy",
      "name": "dev_ca_policy",
      "provider": "provider[\"registry.terraform.io/hashicorp/aws\"]",
      "instances": [
        {
          "schema_version": 0,
          "attributes": {
            "id": "dev_ca_role:dev_ca_policy",
            "name": "dev_ca_policy",
            "name_prefix": null,
            "policy": "{\n    \"Version\": \"2012-10-17\",\n    \"Statement\": [\n        {\n            \"Effect\": \"Allow\",\n            \"Action\": [\n                \"ec2:AttachVolume\",\n                \"ec2:DetachVolume\",\n                \"ec2:CreateTags\",\n                \"ec2:CreateVolume\",\n                \"ec2:DeleteTags\",\n                \"ec2:DeleteVolume\",\n                \"ec2:DescribeTags\",\n                \"ec2:DescribeVolumeAttribute\",\n                \"ec2:DescribeVolumesModifications\",\n                \"ec2:DescribeVolumeStatus\",\n                \"ec2:DescribeVolumes\",\n                \"ec2:DescribeInstances\",\n                \"autoscaling:DescribeAutoScalingGroups\",\n                \"autoscaling:DescribeAutoScalingInstances\",\n                \"autoscaling:DescribeTags\",\n                \"autoscaling:SetDesiredCapacity\",\n                \"autoscaling:TerminateInstanceInAutoScalingGroup\"\n            ],\n            \"Resource\": [\n                \"*\"\n            ]\n        }\n    ]\n}\n",
            "role": "dev_ca_role"
          },
          "private": "bnVsbA==",
          "dependencies": [
            "aws_iam_role.dev-node",
            "aws_iam_role.dev_ca_role"
          ]
        }
      ]
    },
    {
      "mode": "managed",
      "type": "aws_iam_role_policy",
      "name": "flowlogs-policy",
      "provider": "provider[\"registry.terraform.io/hashicorp/aws\"]",
      "instances": [
        {
          "schema_version": 0,
          "attributes": {
            "id": "EKSDevFlowlogsRole:example",
            "name": "example",
            "name_prefix": null,
            "policy": "{\n  \"Version\": \"2012-10-17\",\n  \"Statement\": [\n    {\n      \"Action\": [\n        \"logs:CreateLogGroup\",\n        \"logs:CreateLogStream\",\n        \"logs:PutLogEvents\",\n        \"logs:DescribeLogGroups\",\n        \"logs:DescribeLogStreams\"\n      ],\n      \"Effect\": \"Allow\",\n      \"Resource\": \"*\"\n    }\n  ]\n}\n",
            "role": "EKSDevFlowlogsRole"
          },
          "private": "bnVsbA==",
          "dependencies": [
            "aws_iam_role.flowlogs-role"
          ]
        }
      ]
    },
    {
      "mode": "managed",
      "type": "aws_iam_role_policy",
      "name": "kube2iam_worker_policy",
      "provider": "provider[\"registry.terraform.io/hashicorp/aws\"]",
      "instances": [
        {
          "schema_version": 0,
          "attributes": {
            "id": "terraform-eks-development-node:kube2iam_worker_policy",
            "name": "kube2iam_worker_policy",
            "name_prefix": null,
            "policy": "{\n  \"Version\": \"2012-10-17\",\n  \"Statement\": [\n    {\n      \"Action\": [\n        \"sts:AssumeRole\"\n      ],\n      \"Effect\": \"Allow\",\n      \"Resource\": \"*\"\n    }\n  ]\n}\n",
            "role": "terraform-eks-development-node"
          },
          "private": "bnVsbA==",
          "dependencies": [
            "aws_iam_role.dev-node"
          ]
        }
      ]
    },
    {
      "mode": "managed",
      "type": "aws_iam_role_policy",
      "name": "mem_scaling_worker_policy",
      "provider": "provider[\"registry.terraform.io/hashicorp/aws\"]",
      "instances": [
        {
          "schema_version": 0,
          "attributes": {
            "id": "terraform-eks-development-node:mem_scaling_worker_policy",
            "name": "mem_scaling_worker_policy",
            "name_prefix": null,
            "policy": "{\n  \"Version\": \"2012-10-17\",\n  \"Statement\": [\n    {\n      \"Action\": [\n        \"cloudwatch:PutMetricData\",\n        \"ec2:DescribeTags\",\n        \"cloudwatch:GetMetricStatistics\",\n        \"cloudwatch:ListMetrics\"\n      ],\n      \"Effect\": \"Allow\",\n      \"Resource\": \"*\"\n    }\n  ]\n}\n",
            "role": "terraform-eks-development-node"
          },
          "private": "bnVsbA==",
          "dependencies": [
            "aws_iam_role.dev-node"
          ]
        }
      ]
    },
    {
      "mode": "managed",
      "type": "aws_iam_role_policy_attachment",
      "name": "dev-cluster-AmazonEKSClusterPolicy",
      "provider": "provider[\"registry.terraform.io/hashicorp/aws\"]",
      "instances": [
        {
          "schema_version": 0,
          "attributes": {
            "id": "terraform-eks-dev-cluster-20210223133713446600000001",
            "policy_arn": "arn:aws:iam::aws:policy/AmazonEKSClusterPolicy",
            "role": "terraform-eks-dev-cluster"
          },
          "private": "bnVsbA==",
          "dependencies": [
            "aws_iam_role.dev-cluster"
          ]
        }
      ]
    },
    {
      "mode": "managed",
      "type": "aws_iam_role_policy_attachment",
      "name": "dev-cluster-AmazonEKSServicePolicy",
      "provider": "provider[\"registry.terraform.io/hashicorp/aws\"]",
      "instances": [
        {
          "schema_version": 0,
          "attributes": {
            "id": "terraform-eks-dev-cluster-20210223133713478700000002",
            "policy_arn": "arn:aws:iam::aws:policy/AmazonEKSServicePolicy",
            "role": "terraform-eks-dev-cluster"
          },
          "private": "bnVsbA==",
          "dependencies": [
            "aws_iam_role.dev-cluster"
          ]
        }
      ]
    },
    {
      "mode": "managed",
      "type": "aws_iam_role_policy_attachment",
      "name": "dev-node-AmazonEC2ContainerRegistryReadOnly",
      "provider": "provider[\"registry.terraform.io/hashicorp/aws\"]",
      "instances": [
        {
          "schema_version": 0,
          "attributes": {
            "id": "terraform-eks-development-node-20210223133713841000000005",
            "policy_arn": "arn:aws:iam::aws:policy/AmazonEC2ContainerRegistryReadOnly",
            "role": "terraform-eks-development-node"
          },
          "private": "bnVsbA==",
          "dependencies": [
            "aws_iam_role.dev-node"
          ]
        }
      ]
    },
    {
      "mode": "managed",
      "type": "aws_iam_role_policy_attachment",
      "name": "dev-node-AmazonEKSWorkerNodePolicy",
      "provider": "provider[\"registry.terraform.io/hashicorp/aws\"]",
      "instances": [
        {
          "schema_version": 0,
          "attributes": {
            "id": "terraform-eks-development-node-20210223133713497400000003",
            "policy_arn": "arn:aws:iam::aws:policy/AmazonEKSWorkerNodePolicy",
            "role": "terraform-eks-development-node"
          },
          "private": "bnVsbA==",
          "dependencies": [
            "aws_iam_role.dev-node"
          ]
        }
      ]
    },
    {
      "mode": "managed",
      "type": "aws_iam_role_policy_attachment",
      "name": "dev-node-AmazonEKS_CNI_Policy",
      "provider": "provider[\"registry.terraform.io/hashicorp/aws\"]",
      "instances": [
        {
          "schema_version": 0,
          "attributes": {
            "id": "terraform-eks-development-node-20210223133713498100000004",
            "policy_arn": "arn:aws:iam::aws:policy/AmazonEKS_CNI_Policy",
            "role": "terraform-eks-development-node"
          },
          "private": "bnVsbA==",
          "dependencies": [
            "aws_iam_role.dev-node"
          ]
        }
      ]
    },
    {
      "mode": "managed",
      "type": "aws_internet_gateway",
      "name": "dev",
      "provider": "provider[\"registry.terraform.io/hashicorp/aws\"]",
      "instances": [
        {
          "schema_version": 0,
          "attributes": {
            "arn": "arn:aws:ec2:us-east-1:836079437595:internet-gateway/igw-06266b400f6be34c7",
            "id": "igw-06266b400f6be34c7",
            "owner_id": "836079437595",
            "tags": {
              "Name": "dev-eks-igw"
            },
            "vpc_id": "vpc-017a10e7baaa211f9"
          },
          "private": "bnVsbA==",
          "dependencies": [
            "aws_vpc.development"
          ]
        }
      ]
    },
    {
      "mode": "managed",
      "type": "aws_launch_configuration",
      "name": "dev-private-v16-new",
      "provider": "provider[\"registry.terraform.io/hashicorp/aws\"]",
      "instances": [
        {
          "schema_version": 0,
          "attributes": {
            "arn": "arn:aws:autoscaling:us-east-1:836079437595:launchConfiguration:e2b69c75-300f-4fa5-ad95-54495039b35e:launchConfigurationName/terraform-eks-dev-private-v1620210406071523013700000001",
            "associate_public_ip_address": false,
            "ebs_block_device": [],
            "ebs_optimized": false,
            "enable_monitoring": true,
            "ephemeral_block_device": [],
            "iam_instance_profile": "terraform-eks-develop",
            "id": "terraform-eks-dev-private-v1620210406071523013700000001",
            "image_id": "ami-0299549cd2d7c1538",
            "instance_type": "m5.4xlarge",
            "key_name": "rancher-dev",
            "name": "terraform-eks-dev-private-v1620210406071523013700000001",
            "name_prefix": "terraform-eks-dev-private-v16",
            "placement_tenancy": null,
            "root_block_device": [
              {
                "delete_on_termination": true,
                "encrypted": false,
                "iops": 0,
                "volume_size": 100,
                "volume_type": "gp2"
              }
            ],
            "security_groups": [
              "sg-0de00ea9f53dc1733"
            ],
            "spot_price": "",
            "user_data": null,
            "user_data_base64": "IyEvYmluL2Jhc2ggLXhlCgpzdWRvIC9ldGMvZWtzL2Jvb3RzdHJhcC5zaCAtLWFwaXNlcnZlci1lbmRwb2ludCAnaHR0cHM6Ly84MkVFNjVEODAzMjU5MjdDNzU4ODQ5ODlFODcwNzc3Ri5ncjcudXMtZWFzdC0xLmVrcy5hbWF6b25hd3MuY29tJyAtLWI2NC1jbHVzdGVyLWNhICdMUzB0TFMxQ1JVZEpUaUJEUlZKVVNVWkpRMEZVUlMwdExTMHRDazFKU1VONVJFTkRRV0pEWjBGM1NVSkJaMGxDUVVSQlRrSm5hM0ZvYTJsSE9YY3dRa0ZSYzBaQlJFRldUVkpOZDBWUldVUldVVkZFUlhkd2NtUlhTbXdLWTIwMWJHUkhWbnBOUWpSWVJGUkplRTFFU1hsTmVrVjZUbFJWTUUweGIxaEVWRTE0VFVSSmVVMVVSWHBPVkZVd1RURnZkMFpVUlZSTlFrVkhRVEZWUlFwQmVFMUxZVE5XYVZwWVNuVmFXRkpzWTNwRFEwRlRTWGRFVVZsS1MyOWFTV2gyWTA1QlVVVkNRbEZCUkdkblJWQkJSRU5EUVZGdlEyZG5SVUpCU205bkNtcHVVVTFsT1ZadlJYTk9hMjVRVFRZemJuTjBUamRLU3pGME1XTTBVWGczZG5CVVdFWjNXVWhuTkdwbmFUUm9iUzlaWTAxbmJsQjNVRU5CTTNvck4zWUtjemhNTUZKalptdzRaRTlzYmpWWGRXMU5lbVp1WTJWeVVXNURiVEozWTFwcWFETXhSVVpsWm1Sa2F6TlBRa0YwYkNzcmRVdzVkMUppUWtNeWRFcExSUXBZSzFGbFJtZHpMMnhMUkRKbVlqRnJURFp6YmtWR2EyUkpSbXROYkM5dGNuUnRZemg2UkVzeGJtbEhjMHRTZEhsM1dHNTNPREZvZURSbmRXdG9hV1ZGQ21GMmQwNTRXRWRsTTFWb1IxWnBaRlZPVVRCUlRWZFJNblppY1VkTlZYSjNPRkEwSzBsUU1sYzFPRXBRVlVKT1puVklkVVZGVVhadFZHTnJaalUyVjAwS1lsWlZSa3RrU0ZSR1Zpc3pSRWQxWjFONFNFWlVjRFpvVTBsR1pYQnViMDFxVVRRd1YxZDNkblF5WmxkYVpURlFNamQwUTJ0YVNpODVLMjAxUWxwSVNRb3ZTVFZxYVU5RFREbEpibXhTZDJWMGJUSk5RMEYzUlVGQllVMXFUVU5GZDBSbldVUldVakJRUVZGSUwwSkJVVVJCWjB0clRVRTRSMEV4VldSRmQwVkNDaTkzVVVaTlFVMUNRV1k0ZDBSUldVcExiMXBKYUhaalRrRlJSVXhDVVVGRVoyZEZRa0ZEUlU5b2FVVmFVRTgxY1d4T1ZGZG1aVzV4Yld4QlZrRlVlbUlLWkhvNWNYRm9SbTlqV0c1RlZ5dHRiV05wZUhKclQyUXpSekF2ZURGeFUwOXVVMUU1Y1VGdVJGRkpiamgzY2pob1dXRlBMMGhrVTFGSk1FRldhVTh2TlFwMVlreHhjVGROUVZCMlYxb3phVTVWZFhFMGIwNW9LMFJRU3paR2JIaG5kbXgxVlU1bFpFMUtZekpZWnlzeVNVWndNMGRSU210UU0xUk1aVWRST1hkc0NrcHJTbVJZZFZjMlZGVnRUVmhTUkd4VWQwczRVMlJaT1hKNVUyWTVPRTVEYldKRlJHMVBRaTk1TlV0d1pEWnhPVVI2ZUZsV1pWaHhhM2hLT0ZSNWNqa0tlR3AxTUM4MldHZEpjR0l3TWtGR2QxUkdVSFJ0U25kYWFFcEtPVzF3VFVzMksySjRhbk5hZUhKT2QxZzFZMFJFZW5kNGFsWjRTQzlrV2pKc1ZXaFdkZ28xVVVNMFVqZDVUVFl2VEdscGRVWmxNa0ZwUTFneVV6Tm5NVzFFV1RGTVlteEpaRVUzUlRaeFJtcHNTa3M1V2pkaVZGZElPRTV4UjIxR1NUMEtMUzB0TFMxRlRrUWdRMFZTVkVsR1NVTkJWRVV0TFMwdExRbz0nICdla3MtZGV2ZWxvcCcgXAotLWt1YmVsZXQtZXh0cmEtYXJncyAiLS1rdWJlLXJlc2VydmVkIGNwdT0yMDAwbSxtZW1vcnk9OEdpLGVwaGVtZXJhbC1zdG9yYWdlPTJHaSAtLXN5c3RlbS1yZXNlcnZlZCBjcHU9MTAwMG0sbWVtb3J5PTFHaSxlcGhlbWVyYWwtc3RvcmFnZT0yR2kgXAotLWV2aWN0aW9uLWhhcmQgbWVtb3J5LmF2YWlsYWJsZTwxMDAwTWksbm9kZWZzLmF2YWlsYWJsZTwxMCUiCnN1ZG8geXVtIC15IGluc3RhbGwgaHR0cHM6Ly9taXEtcHVibGljLnMzLmFtYXpvbmF3cy5jb20vSVQvZmFsY29uLXNlbnNvci02LjE2LjAtMTEzMDguYW16bjIueDg2XzY0LnJwbQpzdWRvIC9vcHQvQ3Jvd2RTdHJpa2UvZmFsY29uY3RsIC1zIC0tY2lkPTY1RTI1NkIwOTZBNjREMEE4NjE1RDQ5MkRBNDVBMUUwLTdGCnN1ZG8gc3lzdGVtY3RsIHJlc3RhcnQgZmFsY29uLXNlbnNvcgoK",
            "vpc_classic_link_id": "",
            "vpc_classic_link_security_groups": []
          },
          "private": "bnVsbA==",
          "dependencies": [
            "aws_eks_cluster.dev",
            "aws_iam_instance_profile.dev-node",
            "aws_iam_role.dev-cluster",
            "aws_iam_role_policy_attachment.dev-cluster-AmazonEKSClusterPolicy",
            "aws_iam_role_policy_attachment.dev-cluster-AmazonEKSServicePolicy",
            "aws_security_group.dev-cluster-sg",
            "aws_security_group.dev-node",
            "aws_subnet.private-dev"
          ],
          "create_before_destroy": true
        }
      ]
    },
    {
      "mode": "managed",
      "type": "aws_launch_configuration",
      "name": "prometheus-monitoring-v15",
      "provider": "provider[\"registry.terraform.io/hashicorp/aws\"]",
      "instances": [
        {
          "schema_version": 0,
          "attributes": {
            "arn": "arn:aws:autoscaling:us-east-1:836079437595:launchConfiguration:f8b21cc4-f203-49f0-9c03-7a861a410a11:launchConfigurationName/terraform-eks-statefulset-mon-v1520210316141930999500000001",
            "associate_public_ip_address": false,
            "ebs_block_device": [],
            "ebs_optimized": false,
            "enable_monitoring": true,
            "ephemeral_block_device": [],
            "iam_instance_profile": "terraform-eks-develop",
            "id": "terraform-eks-statefulset-mon-v1520210316141930999500000001",
            "image_id": "ami-00724d5cd80a1ca7f",
            "instance_type": "m4.2xlarge",
            "key_name": "rancher-dev",
            "name": "terraform-eks-statefulset-mon-v1520210316141930999500000001",
            "name_prefix": "terraform-eks-statefulset-mon-v15",
            "placement_tenancy": null,
            "root_block_device": [
              {
                "delete_on_termination": true,
                "encrypted": false,
                "iops": 0,
                "volume_size": 100,
                "volume_type": "gp2"
              }
            ],
            "security_groups": [
              "sg-0de00ea9f53dc1733"
            ],
            "spot_price": "",
            "user_data": null,
            "user_data_base64": "IyEvYmluL2Jhc2ggLXhlCgpzdWRvIC9ldGMvZWtzL2Jvb3RzdHJhcC5zaCAtLWFwaXNlcnZlci1lbmRwb2ludCAnaHR0cHM6Ly84MkVFNjVEODAzMjU5MjdDNzU4ODQ5ODlFODcwNzc3Ri5ncjcudXMtZWFzdC0xLmVrcy5hbWF6b25hd3MuY29tJyAtLWI2NC1jbHVzdGVyLWNhICdMUzB0TFMxQ1JVZEpUaUJEUlZKVVNVWkpRMEZVUlMwdExTMHRDazFKU1VONVJFTkRRV0pEWjBGM1NVSkJaMGxDUVVSQlRrSm5hM0ZvYTJsSE9YY3dRa0ZSYzBaQlJFRldUVkpOZDBWUldVUldVVkZFUlhkd2NtUlhTbXdLWTIwMWJHUkhWbnBOUWpSWVJGUkplRTFFU1hsTmVrVjZUbFJWTUUweGIxaEVWRTE0VFVSSmVVMVVSWHBPVkZVd1RURnZkMFpVUlZSTlFrVkhRVEZWUlFwQmVFMUxZVE5XYVZwWVNuVmFXRkpzWTNwRFEwRlRTWGRFVVZsS1MyOWFTV2gyWTA1QlVVVkNRbEZCUkdkblJWQkJSRU5EUVZGdlEyZG5SVUpCU205bkNtcHVVVTFsT1ZadlJYTk9hMjVRVFRZemJuTjBUamRLU3pGME1XTTBVWGczZG5CVVdFWjNXVWhuTkdwbmFUUm9iUzlaWTAxbmJsQjNVRU5CTTNvck4zWUtjemhNTUZKalptdzRaRTlzYmpWWGRXMU5lbVp1WTJWeVVXNURiVEozWTFwcWFETXhSVVpsWm1Sa2F6TlBRa0YwYkNzcmRVdzVkMUppUWtNeWRFcExSUXBZSzFGbFJtZHpMMnhMUkRKbVlqRnJURFp6YmtWR2EyUkpSbXROYkM5dGNuUnRZemg2UkVzeGJtbEhjMHRTZEhsM1dHNTNPREZvZURSbmRXdG9hV1ZGQ21GMmQwNTRXRWRsTTFWb1IxWnBaRlZPVVRCUlRWZFJNblppY1VkTlZYSjNPRkEwSzBsUU1sYzFPRXBRVlVKT1puVklkVVZGVVhadFZHTnJaalUyVjAwS1lsWlZSa3RrU0ZSR1Zpc3pSRWQxWjFONFNFWlVjRFpvVTBsR1pYQnViMDFxVVRRd1YxZDNkblF5WmxkYVpURlFNamQwUTJ0YVNpODVLMjAxUWxwSVNRb3ZTVFZxYVU5RFREbEpibXhTZDJWMGJUSk5RMEYzUlVGQllVMXFUVU5GZDBSbldVUldVakJRUVZGSUwwSkJVVVJCWjB0clRVRTRSMEV4VldSRmQwVkNDaTkzVVVaTlFVMUNRV1k0ZDBSUldVcExiMXBKYUhaalRrRlJSVXhDVVVGRVoyZEZRa0ZEUlU5b2FVVmFVRTgxY1d4T1ZGZG1aVzV4Yld4QlZrRlVlbUlLWkhvNWNYRm9SbTlqV0c1RlZ5dHRiV05wZUhKclQyUXpSekF2ZURGeFUwOXVVMUU1Y1VGdVJGRkpiamgzY2pob1dXRlBMMGhrVTFGSk1FRldhVTh2TlFwMVlreHhjVGROUVZCMlYxb3phVTVWZFhFMGIwNW9LMFJRU3paR2JIaG5kbXgxVlU1bFpFMUtZekpZWnlzeVNVWndNMGRSU210UU0xUk1aVWRST1hkc0NrcHJTbVJZZFZjMlZGVnRUVmhTUkd4VWQwczRVMlJaT1hKNVUyWTVPRTVEYldKRlJHMVBRaTk1TlV0d1pEWnhPVVI2ZUZsV1pWaHhhM2hLT0ZSNWNqa0tlR3AxTUM4MldHZEpjR0l3TWtGR2QxUkdVSFJ0U25kYWFFcEtPVzF3VFVzMksySjRhbk5hZUhKT2QxZzFZMFJFZW5kNGFsWjRTQzlrV2pKc1ZXaFdkZ28xVVVNMFVqZDVUVFl2VEdscGRVWmxNa0ZwUTFneVV6Tm5NVzFFV1RGTVlteEpaRVUzUlRaeFJtcHNTa3M1V2pkaVZGZElPRTV4UjIxR1NUMEtMUzB0TFMxRlRrUWdRMFZTVkVsR1NVTkJWRVV0TFMwdExRbz0nICdla3MtZGV2ZWxvcCcgXAotLWt1YmVsZXQtZXh0cmEtYXJncyAiLS1ub2RlLWxhYmVscz1hcHA9cHJvbWV0aGV1cyAtLXJlZ2lzdGVyLXdpdGgtdGFpbnRzPWFwcD1wcm9tZXRoZXVzOk5vRXhlY3V0ZSAtLWt1YmUtcmVzZXJ2ZWQgY3B1PTEwMDBtLG1lbW9yeT0zR2ksZXBoZW1lcmFsLXN0b3JhZ2U9MkdpIFwKLS1zeXN0ZW0tcmVzZXJ2ZWQgY3B1PTUwMG0sbWVtb3J5PTFHaSxlcGhlbWVyYWwtc3RvcmFnZT0yR2kgLS1ldmljdGlvbi1oYXJkIG1lbW9yeS5hdmFpbGFibGU8NTAwTWksbm9kZWZzLmF2YWlsYWJsZTwxMCUiCgo=",
            "vpc_classic_link_id": "",
            "vpc_classic_link_security_groups": []
          },
          "private": "bnVsbA==",
          "dependencies": [
            "aws_eks_cluster.dev",
            "aws_iam_instance_profile.dev-node",
            "aws_security_group.dev-node"
          ],
          "create_before_destroy": true
        }
      ]
    },
    {
      "mode": "managed",
      "type": "aws_launch_configuration",
      "name": "prometheus-monitoring-v16",
      "provider": "provider[\"registry.terraform.io/hashicorp/aws\"]",
      "instances": [
        {
          "schema_version": 0,
          "attributes": {
            "arn": "arn:aws:autoscaling:us-east-1:836079437595:launchConfiguration:9759f3a6-daa1-4903-8abd-3ec7b217254c:launchConfigurationName/terraform-eks-statefulset-mon-v1620210406071523022600000002",
            "associate_public_ip_address": false,
            "ebs_block_device": [],
            "ebs_optimized": false,
            "enable_monitoring": true,
            "ephemeral_block_device": [],
            "iam_instance_profile": "terraform-eks-develop",
            "id": "terraform-eks-statefulset-mon-v1620210406071523022600000002",
            "image_id": "ami-0299549cd2d7c1538",
            "instance_type": "m4.2xlarge",
            "key_name": "rancher-dev",
            "name": "terraform-eks-statefulset-mon-v1620210406071523022600000002",
            "name_prefix": "terraform-eks-statefulset-mon-v16",
            "placement_tenancy": null,
            "root_block_device": [
              {
                "delete_on_termination": true,
                "encrypted": false,
                "iops": 0,
                "volume_size": 100,
                "volume_type": "gp2"
              }
            ],
            "security_groups": [
              "sg-0de00ea9f53dc1733"
            ],
            "spot_price": "",
            "user_data": null,
            "user_data_base64": "IyEvYmluL2Jhc2ggLXhlCgpzdWRvIC9ldGMvZWtzL2Jvb3RzdHJhcC5zaCAtLWFwaXNlcnZlci1lbmRwb2ludCAnaHR0cHM6Ly84MkVFNjVEODAzMjU5MjdDNzU4ODQ5ODlFODcwNzc3Ri5ncjcudXMtZWFzdC0xLmVrcy5hbWF6b25hd3MuY29tJyAtLWI2NC1jbHVzdGVyLWNhICdMUzB0TFMxQ1JVZEpUaUJEUlZKVVNVWkpRMEZVUlMwdExTMHRDazFKU1VONVJFTkRRV0pEWjBGM1NVSkJaMGxDUVVSQlRrSm5hM0ZvYTJsSE9YY3dRa0ZSYzBaQlJFRldUVkpOZDBWUldVUldVVkZFUlhkd2NtUlhTbXdLWTIwMWJHUkhWbnBOUWpSWVJGUkplRTFFU1hsTmVrVjZUbFJWTUUweGIxaEVWRTE0VFVSSmVVMVVSWHBPVkZVd1RURnZkMFpVUlZSTlFrVkhRVEZWUlFwQmVFMUxZVE5XYVZwWVNuVmFXRkpzWTNwRFEwRlRTWGRFVVZsS1MyOWFTV2gyWTA1QlVVVkNRbEZCUkdkblJWQkJSRU5EUVZGdlEyZG5SVUpCU205bkNtcHVVVTFsT1ZadlJYTk9hMjVRVFRZemJuTjBUamRLU3pGME1XTTBVWGczZG5CVVdFWjNXVWhuTkdwbmFUUm9iUzlaWTAxbmJsQjNVRU5CTTNvck4zWUtjemhNTUZKalptdzRaRTlzYmpWWGRXMU5lbVp1WTJWeVVXNURiVEozWTFwcWFETXhSVVpsWm1Sa2F6TlBRa0YwYkNzcmRVdzVkMUppUWtNeWRFcExSUXBZSzFGbFJtZHpMMnhMUkRKbVlqRnJURFp6YmtWR2EyUkpSbXROYkM5dGNuUnRZemg2UkVzeGJtbEhjMHRTZEhsM1dHNTNPREZvZURSbmRXdG9hV1ZGQ21GMmQwNTRXRWRsTTFWb1IxWnBaRlZPVVRCUlRWZFJNblppY1VkTlZYSjNPRkEwSzBsUU1sYzFPRXBRVlVKT1puVklkVVZGVVhadFZHTnJaalUyVjAwS1lsWlZSa3RrU0ZSR1Zpc3pSRWQxWjFONFNFWlVjRFpvVTBsR1pYQnViMDFxVVRRd1YxZDNkblF5WmxkYVpURlFNamQwUTJ0YVNpODVLMjAxUWxwSVNRb3ZTVFZxYVU5RFREbEpibXhTZDJWMGJUSk5RMEYzUlVGQllVMXFUVU5GZDBSbldVUldVakJRUVZGSUwwSkJVVVJCWjB0clRVRTRSMEV4VldSRmQwVkNDaTkzVVVaTlFVMUNRV1k0ZDBSUldVcExiMXBKYUhaalRrRlJSVXhDVVVGRVoyZEZRa0ZEUlU5b2FVVmFVRTgxY1d4T1ZGZG1aVzV4Yld4QlZrRlVlbUlLWkhvNWNYRm9SbTlqV0c1RlZ5dHRiV05wZUhKclQyUXpSekF2ZURGeFUwOXVVMUU1Y1VGdVJGRkpiamgzY2pob1dXRlBMMGhrVTFGSk1FRldhVTh2TlFwMVlreHhjVGROUVZCMlYxb3phVTVWZFhFMGIwNW9LMFJRU3paR2JIaG5kbXgxVlU1bFpFMUtZekpZWnlzeVNVWndNMGRSU210UU0xUk1aVWRST1hkc0NrcHJTbVJZZFZjMlZGVnRUVmhTUkd4VWQwczRVMlJaT1hKNVUyWTVPRTVEYldKRlJHMVBRaTk1TlV0d1pEWnhPVVI2ZUZsV1pWaHhhM2hLT0ZSNWNqa0tlR3AxTUM4MldHZEpjR0l3TWtGR2QxUkdVSFJ0U25kYWFFcEtPVzF3VFVzMksySjRhbk5hZUhKT2QxZzFZMFJFZW5kNGFsWjRTQzlrV2pKc1ZXaFdkZ28xVVVNMFVqZDVUVFl2VEdscGRVWmxNa0ZwUTFneVV6Tm5NVzFFV1RGTVlteEpaRVUzUlRaeFJtcHNTa3M1V2pkaVZGZElPRTV4UjIxR1NUMEtMUzB0TFMxRlRrUWdRMFZTVkVsR1NVTkJWRVV0TFMwdExRbz0nICdla3MtZGV2ZWxvcCcgXAotLWt1YmVsZXQtZXh0cmEtYXJncyAiLS1ub2RlLWxhYmVscz1hcHA9cHJvbWV0aGV1cyAtLXJlZ2lzdGVyLXdpdGgtdGFpbnRzPWFwcD1wcm9tZXRoZXVzOk5vRXhlY3V0ZSAtLWt1YmUtcmVzZXJ2ZWQgY3B1PTEwMDBtLG1lbW9yeT0zR2ksZXBoZW1lcmFsLXN0b3JhZ2U9MkdpIFwKLS1zeXN0ZW0tcmVzZXJ2ZWQgY3B1PTUwMG0sbWVtb3J5PTFHaSxlcGhlbWVyYWwtc3RvcmFnZT0yR2kgLS1ldmljdGlvbi1oYXJkIG1lbW9yeS5hdmFpbGFibGU8NTAwTWksbm9kZWZzLmF2YWlsYWJsZTwxMCUiCnN1ZG8geXVtIC15IGluc3RhbGwgaHR0cHM6Ly9taXEtcHVibGljLnMzLmFtYXpvbmF3cy5jb20vSVQvZmFsY29uLXNlbnNvci02LjE2LjAtMTEzMDguYW16bjIueDg2XzY0LnJwbQpzdWRvIC9vcHQvQ3Jvd2RTdHJpa2UvZmFsY29uY3RsIC1zIC0tY2lkPTY1RTI1NkIwOTZBNjREMEE4NjE1RDQ5MkRBNDVBMUUwLTdGCnN1ZG8gc3lzdGVtY3RsIHJlc3RhcnQgZmFsY29uLXNlbnNvcgoK",
            "vpc_classic_link_id": "",
            "vpc_classic_link_security_groups": []
          },
          "private": "bnVsbA==",
          "dependencies": [
            "aws_eks_cluster.dev",
            "aws_iam_instance_profile.dev-node",
            "aws_iam_role.dev-cluster",
            "aws_iam_role_policy_attachment.dev-cluster-AmazonEKSClusterPolicy",
            "aws_iam_role_policy_attachment.dev-cluster-AmazonEKSServicePolicy",
            "aws_security_group.dev-cluster-sg",
            "aws_security_group.dev-node",
            "aws_subnet.private-dev"
          ],
          "create_before_destroy": true
        }
      ]
    },
    {
      "mode": "managed",
      "type": "aws_nat_gateway",
      "name": "gw",
      "provider": "provider[\"registry.terraform.io/hashicorp/aws\"]",
      "instances": [
        {
          "index_key": 0,
          "schema_version": 0,
          "attributes": {
            "allocation_id": "eipalloc-05bf2bd2faa942735",
            "id": "nat-0d9e0864fb395a190",
            "network_interface_id": "eni-00844de230c1e72ba",
            "private_ip": "10.16.3.54",
            "public_ip": "54.226.22.99",
            "subnet_id": "subnet-0f2afd3357e724728",
            "tags": {
              "Name": "miq-dev-NatGW-pub-sub-fw-protected-1"
            }
          },
          "private": "bnVsbA==",
          "dependencies": [
            "aws_eip.nat",
            "aws_subnet.public-dev",
            "aws_vpc.development",
            "data.aws_availability_zones.available"
          ]
        },
        {
          "index_key": 1,
          "schema_version": 0,
          "attributes": {
            "allocation_id": "eipalloc-01c13fe8e6db237c1",
            "id": "nat-03611f35b25facea3",
            "network_interface_id": "eni-0fa21c90d38c87fc1",
            "private_ip": "10.16.5.38",
            "public_ip": "34.194.143.0",
            "subnet_id": "subnet-04b1918f56cd908a7",
            "tags": {
              "Name": "miq-dev-NatGW-pub-sub-fw-protected-2"
            }
          },
          "private": "bnVsbA==",
          "dependencies": [
            "aws_eip.nat",
            "aws_subnet.public-dev",
            "aws_vpc.development",
            "data.aws_availability_zones.available"
          ]
        },
        {
          "index_key": 2,
          "schema_version": 0,
          "attributes": {
            "allocation_id": "eipalloc-0ddd0003c9ef76f17",
            "id": "nat-0d5b833edf3734dd9",
            "network_interface_id": "eni-0fe8a70c26f6f4e59",
            "private_ip": "10.16.9.235",
            "public_ip": "54.173.105.162",
            "subnet_id": "subnet-018b32be1a73dd6f9",
            "tags": {
              "Name": "miq-dev-NatGW-pub-sub-fw-protected-3"
            }
          },
          "private": "bnVsbA==",
          "dependencies": [
            "aws_eip.nat",
            "aws_subnet.public-dev",
            "aws_vpc.development",
            "data.aws_availability_zones.available"
          ]
        }
      ]
    },
    {
      "mode": "managed",
      "type": "aws_route",
      "name": "eks2itvpc_private",
      "provider": "provider[\"registry.terraform.io/hashicorp/aws\"]",
      "instances": [
        {
          "index_key": 0,
          "schema_version": 0,
          "attributes": {
            "destination_cidr_block": "10.11.0.0/16",
            "destination_ipv6_cidr_block": "",
            "destination_prefix_list_id": "",
            "egress_only_gateway_id": "",
            "gateway_id": "",
            "id": "r-rtb-0a2a13f5222e1af2c3529440343",
            "instance_id": "",
            "instance_owner_id": "",
            "local_gateway_id": "",
            "nat_gateway_id": "",
            "network_interface_id": "",
            "origin": "CreateRoute",
            "route_table_id": "rtb-0a2a13f5222e1af2c",
            "state": "active",
            "timeouts": null,
            "transit_gateway_id": "",
            "vpc_peering_connection_id": "pcx-002e01ae543ad8a50"
          },
          "private": "eyJlMmJmYjczMC1lY2FhLTExZTYtOGY4OC0zNDM2M2JjN2M0YzAiOnsiY3JlYXRlIjoxMjAwMDAwMDAwMDAsImRlbGV0ZSI6MzAwMDAwMDAwMDAwfX0=",
          "dependencies": [
            "aws_route_table.private-dev",
            "aws_vpc.development",
            "aws_vpc_peering_connection.eks2itvpc"
          ]
        },
        {
          "index_key": 1,
          "schema_version": 0,
          "attributes": {
            "destination_cidr_block": "10.11.0.0/16",
            "destination_ipv6_cidr_block": "",
            "destination_prefix_list_id": "",
            "egress_only_gateway_id": "",
            "gateway_id": "",
            "id": "r-rtb-07efa3e7fcaa8e31f3529440343",
            "instance_id": "",
            "instance_owner_id": "",
            "local_gateway_id": "",
            "nat_gateway_id": "",
            "network_interface_id": "",
            "origin": "CreateRoute",
            "route_table_id": "rtb-07efa3e7fcaa8e31f",
            "state": "active",
            "timeouts": null,
            "transit_gateway_id": "",
            "vpc_peering_connection_id": "pcx-002e01ae543ad8a50"
          },
          "private": "eyJlMmJmYjczMC1lY2FhLTExZTYtOGY4OC0zNDM2M2JjN2M0YzAiOnsiY3JlYXRlIjoxMjAwMDAwMDAwMDAsImRlbGV0ZSI6MzAwMDAwMDAwMDAwfX0=",
          "dependencies": [
            "aws_route_table.private-dev",
            "aws_vpc.development",
            "aws_vpc_peering_connection.eks2itvpc"
          ]
        },
        {
          "index_key": 2,
          "schema_version": 0,
          "attributes": {
            "destination_cidr_block": "10.11.0.0/16",
            "destination_ipv6_cidr_block": "",
            "destination_prefix_list_id": "",
            "egress_only_gateway_id": "",
            "gateway_id": "",
            "id": "r-rtb-0b01175aa5ddb72cb3529440343",
            "instance_id": "",
            "instance_owner_id": "",
            "local_gateway_id": "",
            "nat_gateway_id": "",
            "network_interface_id": "",
            "origin": "CreateRoute",
            "route_table_id": "rtb-0b01175aa5ddb72cb",
            "state": "active",
            "timeouts": null,
            "transit_gateway_id": "",
            "vpc_peering_connection_id": "pcx-002e01ae543ad8a50"
          },
          "private": "eyJlMmJmYjczMC1lY2FhLTExZTYtOGY4OC0zNDM2M2JjN2M0YzAiOnsiY3JlYXRlIjoxMjAwMDAwMDAwMDAsImRlbGV0ZSI6MzAwMDAwMDAwMDAwfX0=",
          "dependencies": [
            "aws_route_table.private-dev",
            "aws_vpc.development",
            "aws_vpc_peering_connection.eks2itvpc"
          ]
        }
      ]
    },
    {
      "mode": "managed",
      "type": "aws_route",
      "name": "eks2itvpc_private_db",
      "provider": "provider[\"registry.terraform.io/hashicorp/aws\"]",
      "instances": [
        {
          "index_key": 0,
          "schema_version": 0,
          "attributes": {
            "destination_cidr_block": "10.11.0.0/16",
            "destination_ipv6_cidr_block": "",
            "destination_prefix_list_id": "",
            "egress_only_gateway_id": "",
            "gateway_id": "",
            "id": "r-rtb-0fe26c09d6b78983a3529440343",
            "instance_id": "",
            "instance_owner_id": "",
            "local_gateway_id": "",
            "nat_gateway_id": "",
            "network_interface_id": "",
            "origin": "CreateRoute",
            "route_table_id": "rtb-0fe26c09d6b78983a",
            "state": "active",
            "timeouts": null,
            "transit_gateway_id": "",
            "vpc_peering_connection_id": "pcx-002e01ae543ad8a50"
          },
          "private": "eyJlMmJmYjczMC1lY2FhLTExZTYtOGY4OC0zNDM2M2JjN2M0YzAiOnsiY3JlYXRlIjoxMjAwMDAwMDAwMDAsImRlbGV0ZSI6MzAwMDAwMDAwMDAwfX0=",
          "dependencies": [
            "aws_route_table.private-dev-db",
            "aws_vpc.development",
            "aws_vpc_peering_connection.eks2itvpc"
          ]
        },
        {
          "index_key": 1,
          "schema_version": 0,
          "attributes": {
            "destination_cidr_block": "10.11.0.0/16",
            "destination_ipv6_cidr_block": "",
            "destination_prefix_list_id": "",
            "egress_only_gateway_id": "",
            "gateway_id": "",
            "id": "r-rtb-0f3aa21bd7ec2ff693529440343",
            "instance_id": "",
            "instance_owner_id": "",
            "local_gateway_id": "",
            "nat_gateway_id": "",
            "network_interface_id": "",
            "origin": "CreateRoute",
            "route_table_id": "rtb-0f3aa21bd7ec2ff69",
            "state": "active",
            "timeouts": null,
            "transit_gateway_id": "",
            "vpc_peering_connection_id": "pcx-002e01ae543ad8a50"
          },
          "private": "eyJlMmJmYjczMC1lY2FhLTExZTYtOGY4OC0zNDM2M2JjN2M0YzAiOnsiY3JlYXRlIjoxMjAwMDAwMDAwMDAsImRlbGV0ZSI6MzAwMDAwMDAwMDAwfX0=",
          "dependencies": [
            "aws_route_table.private-dev-db",
            "aws_vpc.development",
            "aws_vpc_peering_connection.eks2itvpc"
          ]
        },
        {
          "index_key": 2,
          "schema_version": 0,
          "attributes": {
            "destination_cidr_block": "10.11.0.0/16",
            "destination_ipv6_cidr_block": "",
            "destination_prefix_list_id": "",
            "egress_only_gateway_id": "",
            "gateway_id": "",
            "id": "r-rtb-0f6a92fb37f74eb793529440343",
            "instance_id": "",
            "instance_owner_id": "",
            "local_gateway_id": "",
            "nat_gateway_id": "",
            "network_interface_id": "",
            "origin": "CreateRoute",
            "route_table_id": "rtb-0f6a92fb37f74eb79",
            "state": "active",
            "timeouts": null,
            "transit_gateway_id": "",
            "vpc_peering_connection_id": "pcx-002e01ae543ad8a50"
          },
          "private": "eyJlMmJmYjczMC1lY2FhLTExZTYtOGY4OC0zNDM2M2JjN2M0YzAiOnsiY3JlYXRlIjoxMjAwMDAwMDAwMDAsImRlbGV0ZSI6MzAwMDAwMDAwMDAwfX0=",
          "dependencies": [
            "aws_route_table.private-dev-db",
            "aws_vpc.development",
            "aws_vpc_peering_connection.eks2itvpc"
          ]
        }
      ]
    },
    {
      "mode": "managed",
      "type": "aws_route",
      "name": "internet_gateway",
      "provider": "provider[\"registry.terraform.io/hashicorp/aws\"]",
      "instances": [
        {
          "schema_version": 0,
          "attributes": {
            "destination_cidr_block": "0.0.0.0/0",
            "destination_ipv6_cidr_block": "",
            "destination_prefix_list_id": "",
            "egress_only_gateway_id": "",
            "gateway_id": "igw-06266b400f6be34c7",
            "id": "r-rtb-0ca1617554442e3711080289494",
            "instance_id": "",
            "instance_owner_id": "",
            "local_gateway_id": "",
            "nat_gateway_id": "",
            "network_interface_id": "",
            "origin": "CreateRoute",
            "route_table_id": "rtb-0ca1617554442e371",
            "state": "active",
            "timeouts": null,
            "transit_gateway_id": "",
            "vpc_peering_connection_id": ""
          },
          "private": "eyJlMmJmYjczMC1lY2FhLTExZTYtOGY4OC0zNDM2M2JjN2M0YzAiOnsiY3JlYXRlIjoxMjAwMDAwMDAwMDAsImRlbGV0ZSI6MzAwMDAwMDAwMDAwfX0=",
          "dependencies": [
            "aws_internet_gateway.dev",
            "aws_route_table.public-dev",
            "aws_vpc.development"
          ]
        }
      ]
    },
    {
      "mode": "managed",
      "type": "aws_route",
      "name": "nat_gtw",
      "provider": "provider[\"registry.terraform.io/hashicorp/aws\"]",
      "instances": [
        {
          "index_key": 0,
          "schema_version": 0,
          "attributes": {
            "destination_cidr_block": "0.0.0.0/0",
            "destination_ipv6_cidr_block": "",
            "destination_prefix_list_id": "",
            "egress_only_gateway_id": "",
            "gateway_id": "",
            "id": "r-rtb-0a2a13f5222e1af2c1080289494",
            "instance_id": "",
            "instance_owner_id": "",
            "local_gateway_id": "",
            "nat_gateway_id": "nat-0d9e0864fb395a190",
            "network_interface_id": "",
            "origin": "CreateRoute",
            "route_table_id": "rtb-0a2a13f5222e1af2c",
            "state": "active",
            "timeouts": null,
            "transit_gateway_id": "",
            "vpc_peering_connection_id": ""
          },
          "private": "eyJlMmJmYjczMC1lY2FhLTExZTYtOGY4OC0zNDM2M2JjN2M0YzAiOnsiY3JlYXRlIjoxMjAwMDAwMDAwMDAsImRlbGV0ZSI6MzAwMDAwMDAwMDAwfX0=",
          "dependencies": [
            "aws_eip.nat",
            "aws_nat_gateway.gw",
            "aws_route_table.private-dev",
            "aws_subnet.public-dev",
            "aws_vpc.development",
            "data.aws_availability_zones.available"
          ]
        },
        {
          "index_key": 1,
          "schema_version": 0,
          "attributes": {
            "destination_cidr_block": "0.0.0.0/0",
            "destination_ipv6_cidr_block": "",
            "destination_prefix_list_id": "",
            "egress_only_gateway_id": "",
            "gateway_id": "",
            "id": "r-rtb-07efa3e7fcaa8e31f1080289494",
            "instance_id": "",
            "instance_owner_id": "",
            "local_gateway_id": "",
            "nat_gateway_id": "nat-03611f35b25facea3",
            "network_interface_id": "",
            "origin": "CreateRoute",
            "route_table_id": "rtb-07efa3e7fcaa8e31f",
            "state": "active",
            "timeouts": null,
            "transit_gateway_id": "",
            "vpc_peering_connection_id": ""
          },
          "private": "eyJlMmJmYjczMC1lY2FhLTExZTYtOGY4OC0zNDM2M2JjN2M0YzAiOnsiY3JlYXRlIjoxMjAwMDAwMDAwMDAsImRlbGV0ZSI6MzAwMDAwMDAwMDAwfX0=",
          "dependencies": [
            "aws_eip.nat",
            "aws_nat_gateway.gw",
            "aws_route_table.private-dev",
            "aws_subnet.public-dev",
            "aws_vpc.development",
            "data.aws_availability_zones.available"
          ]
        },
        {
          "index_key": 2,
          "schema_version": 0,
          "attributes": {
            "destination_cidr_block": "0.0.0.0/0",
            "destination_ipv6_cidr_block": "",
            "destination_prefix_list_id": "",
            "egress_only_gateway_id": "",
            "gateway_id": "",
            "id": "r-rtb-0b01175aa5ddb72cb1080289494",
            "instance_id": "",
            "instance_owner_id": "",
            "local_gateway_id": "",
            "nat_gateway_id": "nat-0d5b833edf3734dd9",
            "network_interface_id": "",
            "origin": "CreateRoute",
            "route_table_id": "rtb-0b01175aa5ddb72cb",
            "state": "active",
            "timeouts": null,
            "transit_gateway_id": "",
            "vpc_peering_connection_id": ""
          },
          "private": "eyJlMmJmYjczMC1lY2FhLTExZTYtOGY4OC0zNDM2M2JjN2M0YzAiOnsiY3JlYXRlIjoxMjAwMDAwMDAwMDAsImRlbGV0ZSI6MzAwMDAwMDAwMDAwfX0=",
          "dependencies": [
            "aws_eip.nat",
            "aws_nat_gateway.gw",
            "aws_route_table.private-dev",
            "aws_subnet.public-dev",
            "aws_vpc.development",
            "data.aws_availability_zones.available"
          ]
        }
      ]
    },
    {
      "mode": "managed",
      "type": "aws_route",
      "name": "nat_gtw_db",
      "provider": "provider[\"registry.terraform.io/hashicorp/aws\"]",
      "instances": [
        {
          "index_key": 0,
          "schema_version": 0,
          "attributes": {
            "destination_cidr_block": "0.0.0.0/0",
            "destination_ipv6_cidr_block": "",
            "destination_prefix_list_id": "",
            "egress_only_gateway_id": "",
            "gateway_id": "",
            "id": "r-rtb-0fe26c09d6b78983a1080289494",
            "instance_id": "",
            "instance_owner_id": "",
            "local_gateway_id": "",
            "nat_gateway_id": "nat-0d9e0864fb395a190",
            "network_interface_id": "",
            "origin": "CreateRoute",
            "route_table_id": "rtb-0fe26c09d6b78983a",
            "state": "active",
            "timeouts": null,
            "transit_gateway_id": "",
            "vpc_peering_connection_id": ""
          },
          "private": "eyJlMmJmYjczMC1lY2FhLTExZTYtOGY4OC0zNDM2M2JjN2M0YzAiOnsiY3JlYXRlIjoxMjAwMDAwMDAwMDAsImRlbGV0ZSI6MzAwMDAwMDAwMDAwfX0=",
          "dependencies": [
            "aws_eip.nat",
            "aws_nat_gateway.gw",
            "aws_route_table.private-dev-db",
            "aws_subnet.public-dev",
            "aws_vpc.development",
            "data.aws_availability_zones.available"
          ]
        },
        {
          "index_key": 1,
          "schema_version": 0,
          "attributes": {
            "destination_cidr_block": "0.0.0.0/0",
            "destination_ipv6_cidr_block": "",
            "destination_prefix_list_id": "",
            "egress_only_gateway_id": "",
            "gateway_id": "",
            "id": "r-rtb-0f3aa21bd7ec2ff691080289494",
            "instance_id": "",
            "instance_owner_id": "",
            "local_gateway_id": "",
            "nat_gateway_id": "nat-03611f35b25facea3",
            "network_interface_id": "",
            "origin": "CreateRoute",
            "route_table_id": "rtb-0f3aa21bd7ec2ff69",
            "state": "active",
            "timeouts": null,
            "transit_gateway_id": "",
            "vpc_peering_connection_id": ""
          },
          "private": "eyJlMmJmYjczMC1lY2FhLTExZTYtOGY4OC0zNDM2M2JjN2M0YzAiOnsiY3JlYXRlIjoxMjAwMDAwMDAwMDAsImRlbGV0ZSI6MzAwMDAwMDAwMDAwfX0=",
          "dependencies": [
            "aws_eip.nat",
            "aws_nat_gateway.gw",
            "aws_route_table.private-dev-db",
            "aws_subnet.public-dev",
            "aws_vpc.development",
            "data.aws_availability_zones.available"
          ]
        },
        {
          "index_key": 2,
          "schema_version": 0,
          "attributes": {
            "destination_cidr_block": "0.0.0.0/0",
            "destination_ipv6_cidr_block": "",
            "destination_prefix_list_id": "",
            "egress_only_gateway_id": "",
            "gateway_id": "",
            "id": "r-rtb-0f6a92fb37f74eb791080289494",
            "instance_id": "",
            "instance_owner_id": "",
            "local_gateway_id": "",
            "nat_gateway_id": "nat-0d5b833edf3734dd9",
            "network_interface_id": "",
            "origin": "CreateRoute",
            "route_table_id": "rtb-0f6a92fb37f74eb79",
            "state": "active",
            "timeouts": null,
            "transit_gateway_id": "",
            "vpc_peering_connection_id": ""
          },
          "private": "eyJlMmJmYjczMC1lY2FhLTExZTYtOGY4OC0zNDM2M2JjN2M0YzAiOnsiY3JlYXRlIjoxMjAwMDAwMDAwMDAsImRlbGV0ZSI6MzAwMDAwMDAwMDAwfX0=",
          "dependencies": [
            "aws_eip.nat",
            "aws_nat_gateway.gw",
            "aws_route_table.private-dev-db",
            "aws_subnet.public-dev",
            "aws_vpc.development",
            "data.aws_availability_zones.available"
          ]
        }
      ]
    },
    {
      "mode": "managed",
      "type": "aws_route_table",
      "name": "private-dev",
      "provider": "provider[\"registry.terraform.io/hashicorp/aws\"]",
      "instances": [
        {
          "index_key": 0,
          "schema_version": 0,
          "attributes": {
            "id": "rtb-0a2a13f5222e1af2c",
            "owner_id": "836079437595",
            "propagating_vgws": [],
            "route": [
              {
                "cidr_block": "0.0.0.0/0",
                "egress_only_gateway_id": "",
                "gateway_id": "",
                "instance_id": "",
                "ipv6_cidr_block": "",
                "local_gateway_id": "",
                "nat_gateway_id": "nat-0d9e0864fb395a190",
                "network_interface_id": "",
                "transit_gateway_id": "",
                "vpc_peering_connection_id": ""
              },
              {
                "cidr_block": "10.11.0.0/16",
                "egress_only_gateway_id": "",
                "gateway_id": "",
                "instance_id": "",
                "ipv6_cidr_block": "",
                "local_gateway_id": "",
                "nat_gateway_id": "",
                "network_interface_id": "",
                "transit_gateway_id": "",
                "vpc_peering_connection_id": "pcx-002e01ae543ad8a50"
              }
            ],
            "tags": {
              "ENVIRONMENT": "DEVELOPMENT",
              "FUNCTION": "EKS-DEV",
              "Name": "private-route-table-dev",
              "OWNER": "SONY",
              "PRODUCT": "EKS-DEV",
              "TEAM": "IT"
            },
            "vpc_id": "vpc-017a10e7baaa211f9"
          },
          "private": "bnVsbA==",
          "dependencies": [
            "aws_vpc.development"
          ]
        },
        {
          "index_key": 1,
          "schema_version": 0,
          "attributes": {
            "id": "rtb-07efa3e7fcaa8e31f",
            "owner_id": "836079437595",
            "propagating_vgws": [],
            "route": [
              {
                "cidr_block": "0.0.0.0/0",
                "egress_only_gateway_id": "",
                "gateway_id": "",
                "instance_id": "",
                "ipv6_cidr_block": "",
                "local_gateway_id": "",
                "nat_gateway_id": "nat-03611f35b25facea3",
                "network_interface_id": "",
                "transit_gateway_id": "",
                "vpc_peering_connection_id": ""
              },
              {
                "cidr_block": "10.11.0.0/16",
                "egress_only_gateway_id": "",
                "gateway_id": "",
                "instance_id": "",
                "ipv6_cidr_block": "",
                "local_gateway_id": "",
                "nat_gateway_id": "",
                "network_interface_id": "",
                "transit_gateway_id": "",
                "vpc_peering_connection_id": "pcx-002e01ae543ad8a50"
              }
            ],
            "tags": {
              "ENVIRONMENT": "DEVELOPMENT",
              "FUNCTION": "EKS-DEV",
              "Name": "private-route-table-dev",
              "OWNER": "SONY",
              "PRODUCT": "EKS-DEV",
              "TEAM": "IT"
            },
            "vpc_id": "vpc-017a10e7baaa211f9"
          },
          "private": "bnVsbA==",
          "dependencies": [
            "aws_vpc.development"
          ]
        },
        {
          "index_key": 2,
          "schema_version": 0,
          "attributes": {
            "id": "rtb-0b01175aa5ddb72cb",
            "owner_id": "836079437595",
            "propagating_vgws": [],
            "route": [
              {
                "cidr_block": "0.0.0.0/0",
                "egress_only_gateway_id": "",
                "gateway_id": "",
                "instance_id": "",
                "ipv6_cidr_block": "",
                "local_gateway_id": "",
                "nat_gateway_id": "nat-0d5b833edf3734dd9",
                "network_interface_id": "",
                "transit_gateway_id": "",
                "vpc_peering_connection_id": ""
              },
              {
                "cidr_block": "10.11.0.0/16",
                "egress_only_gateway_id": "",
                "gateway_id": "",
                "instance_id": "",
                "ipv6_cidr_block": "",
                "local_gateway_id": "",
                "nat_gateway_id": "",
                "network_interface_id": "",
                "transit_gateway_id": "",
                "vpc_peering_connection_id": "pcx-002e01ae543ad8a50"
              }
            ],
            "tags": {
              "ENVIRONMENT": "DEVELOPMENT",
              "FUNCTION": "EKS-DEV",
              "Name": "private-route-table-dev",
              "OWNER": "SONY",
              "PRODUCT": "EKS-DEV",
              "TEAM": "IT"
            },
            "vpc_id": "vpc-017a10e7baaa211f9"
          },
          "private": "bnVsbA==",
          "dependencies": [
            "aws_vpc.development"
          ]
        }
      ]
    },
    {
      "mode": "managed",
      "type": "aws_route_table",
      "name": "private-dev-db",
      "provider": "provider[\"registry.terraform.io/hashicorp/aws\"]",
      "instances": [
        {
          "index_key": 0,
          "schema_version": 0,
          "attributes": {
            "id": "rtb-0fe26c09d6b78983a",
            "owner_id": "836079437595",
            "propagating_vgws": [],
            "route": [
              {
                "cidr_block": "0.0.0.0/0",
                "egress_only_gateway_id": "",
                "gateway_id": "",
                "instance_id": "",
                "ipv6_cidr_block": "",
                "local_gateway_id": "",
                "nat_gateway_id": "nat-0d9e0864fb395a190",
                "network_interface_id": "",
                "transit_gateway_id": "",
                "vpc_peering_connection_id": ""
              },
              {
                "cidr_block": "10.11.0.0/16",
                "egress_only_gateway_id": "",
                "gateway_id": "",
                "instance_id": "",
                "ipv6_cidr_block": "",
                "local_gateway_id": "",
                "nat_gateway_id": "",
                "network_interface_id": "",
                "transit_gateway_id": "",
                "vpc_peering_connection_id": "pcx-002e01ae543ad8a50"
              }
            ],
            "tags": {
              "ENVIRONMENT": "DEVELOPMENT",
              "FUNCTION": "EKS-DEV",
              "Name": "private-route-table-dev-db",
              "OWNER": "SONY",
              "PRODUCT": "EKS-DEV",
              "TEAM": "IT"
            },
            "vpc_id": "vpc-017a10e7baaa211f9"
          },
          "private": "bnVsbA==",
          "dependencies": [
            "aws_vpc.development"
          ]
        },
        {
          "index_key": 1,
          "schema_version": 0,
          "attributes": {
            "id": "rtb-0f3aa21bd7ec2ff69",
            "owner_id": "836079437595",
            "propagating_vgws": [],
            "route": [
              {
                "cidr_block": "0.0.0.0/0",
                "egress_only_gateway_id": "",
                "gateway_id": "",
                "instance_id": "",
                "ipv6_cidr_block": "",
                "local_gateway_id": "",
                "nat_gateway_id": "nat-03611f35b25facea3",
                "network_interface_id": "",
                "transit_gateway_id": "",
                "vpc_peering_connection_id": ""
              },
              {
                "cidr_block": "10.11.0.0/16",
                "egress_only_gateway_id": "",
                "gateway_id": "",
                "instance_id": "",
                "ipv6_cidr_block": "",
                "local_gateway_id": "",
                "nat_gateway_id": "",
                "network_interface_id": "",
                "transit_gateway_id": "",
                "vpc_peering_connection_id": "pcx-002e01ae543ad8a50"
              }
            ],
            "tags": {
              "ENVIRONMENT": "DEVELOPMENT",
              "FUNCTION": "EKS-DEV",
              "Name": "private-route-table-dev-db",
              "OWNER": "SONY",
              "PRODUCT": "EKS-DEV",
              "TEAM": "IT"
            },
            "vpc_id": "vpc-017a10e7baaa211f9"
          },
          "private": "bnVsbA==",
          "dependencies": [
            "aws_vpc.development"
          ]
        },
        {
          "index_key": 2,
          "schema_version": 0,
          "attributes": {
            "id": "rtb-0f6a92fb37f74eb79",
            "owner_id": "836079437595",
            "propagating_vgws": [],
            "route": [
              {
                "cidr_block": "0.0.0.0/0",
                "egress_only_gateway_id": "",
                "gateway_id": "",
                "instance_id": "",
                "ipv6_cidr_block": "",
                "local_gateway_id": "",
                "nat_gateway_id": "nat-0d5b833edf3734dd9",
                "network_interface_id": "",
                "transit_gateway_id": "",
                "vpc_peering_connection_id": ""
              },
              {
                "cidr_block": "10.11.0.0/16",
                "egress_only_gateway_id": "",
                "gateway_id": "",
                "instance_id": "",
                "ipv6_cidr_block": "",
                "local_gateway_id": "",
                "nat_gateway_id": "",
                "network_interface_id": "",
                "transit_gateway_id": "",
                "vpc_peering_connection_id": "pcx-002e01ae543ad8a50"
              }
            ],
            "tags": {
              "ENVIRONMENT": "DEVELOPMENT",
              "FUNCTION": "EKS-DEV",
              "Name": "private-route-table-dev-db",
              "OWNER": "SONY",
              "PRODUCT": "EKS-DEV",
              "TEAM": "IT"
            },
            "vpc_id": "vpc-017a10e7baaa211f9"
          },
          "private": "bnVsbA==",
          "dependencies": [
            "aws_vpc.development"
          ]
        }
      ]
    },
    {
      "mode": "managed",
      "type": "aws_route_table",
      "name": "public-dev",
      "provider": "provider[\"registry.terraform.io/hashicorp/aws\"]",
      "instances": [
        {
          "schema_version": 0,
          "attributes": {
            "id": "rtb-0ca1617554442e371",
            "owner_id": "836079437595",
            "propagating_vgws": [],
            "route": [
              {
                "cidr_block": "0.0.0.0/0",
                "egress_only_gateway_id": "",
                "gateway_id": "igw-06266b400f6be34c7",
                "instance_id": "",
                "ipv6_cidr_block": "",
                "local_gateway_id": "",
                "nat_gateway_id": "",
                "network_interface_id": "",
                "transit_gateway_id": "",
                "vpc_peering_connection_id": ""
              }
            ],
            "tags": {
              "ENVIRONMENT": "DEVELOPMENT",
              "FUNCTION": "EKS-DEV",
              "Name": "Firewall-public-route-table-dev",
              "OWNER": "SONY",
              "PRODUCT": "EKS-DEV",
              "TEAM": "IT"
            },
            "vpc_id": "vpc-017a10e7baaa211f9"
          },
          "private": "bnVsbA==",
          "dependencies": [
            "aws_vpc.development"
          ]
        }
      ]
    },
    {
      "mode": "managed",
      "type": "aws_route_table_association",
      "name": "private-dev",
      "provider": "provider[\"registry.terraform.io/hashicorp/aws\"]",
      "instances": [
        {
          "index_key": 0,
          "schema_version": 0,
          "attributes": {
            "gateway_id": null,
            "id": "rtbassoc-096aa08e23bc14c88",
            "route_table_id": "rtb-0a2a13f5222e1af2c",
            "subnet_id": "subnet-0cf37863f39361a95"
          },
          "private": "bnVsbA==",
          "dependencies": [
            "aws_route_table.private-dev",
            "aws_subnet.private-dev",
            "aws_vpc.development",
            "data.aws_availability_zones.available"
          ]
        },
        {
          "index_key": 1,
          "schema_version": 0,
          "attributes": {
            "gateway_id": null,
            "id": "rtbassoc-026bc13e1c0fc327a",
            "route_table_id": "rtb-07efa3e7fcaa8e31f",
            "subnet_id": "subnet-0acb01add82d7db5f"
          },
          "private": "bnVsbA==",
          "dependencies": [
            "aws_route_table.private-dev",
            "aws_subnet.private-dev",
            "aws_vpc.development",
            "data.aws_availability_zones.available"
          ]
        },
        {
          "index_key": 2,
          "schema_version": 0,
          "attributes": {
            "gateway_id": null,
            "id": "rtbassoc-0903400be821c8bb3",
            "route_table_id": "rtb-0b01175aa5ddb72cb",
            "subnet_id": "subnet-0673ae596da57e2db"
          },
          "private": "bnVsbA==",
          "dependencies": [
            "aws_route_table.private-dev",
            "aws_subnet.private-dev",
            "aws_vpc.development",
            "data.aws_availability_zones.available"
          ]
        }
      ]
    },
    {
      "mode": "managed",
      "type": "aws_route_table_association",
      "name": "private-dev-db",
      "provider": "provider[\"registry.terraform.io/hashicorp/aws\"]",
      "instances": [
        {
          "index_key": 0,
          "schema_version": 0,
          "attributes": {
            "gateway_id": null,
            "id": "rtbassoc-05af07c2cbc28dd51",
            "route_table_id": "rtb-0fe26c09d6b78983a",
            "subnet_id": "subnet-0d7b614765f3f2f89"
          },
          "private": "bnVsbA==",
          "dependencies": [
            "aws_route_table.private-dev-db",
            "aws_subnet.private-dev-db",
            "aws_vpc.development",
            "data.aws_availability_zones.available"
          ]
        },
        {
          "index_key": 1,
          "schema_version": 0,
          "attributes": {
            "gateway_id": null,
            "id": "rtbassoc-0c6aa01ac857fe442",
            "route_table_id": "rtb-0f3aa21bd7ec2ff69",
            "subnet_id": "subnet-090645ace4b8289bb"
          },
          "private": "bnVsbA==",
          "dependencies": [
            "aws_route_table.private-dev-db",
            "aws_subnet.private-dev-db",
            "aws_vpc.development",
            "data.aws_availability_zones.available"
          ]
        },
        {
          "index_key": 2,
          "schema_version": 0,
          "attributes": {
            "gateway_id": null,
            "id": "rtbassoc-0a2f16cf15e32c37b",
            "route_table_id": "rtb-0f6a92fb37f74eb79",
            "subnet_id": "subnet-0ab8034f45c905043"
          },
          "private": "bnVsbA==",
          "dependencies": [
            "aws_route_table.private-dev-db",
            "aws_subnet.private-dev-db",
            "aws_vpc.development",
            "data.aws_availability_zones.available"
          ]
        }
      ]
    },
    {
      "mode": "managed",
      "type": "aws_route_table_association",
      "name": "public-dev",
      "provider": "provider[\"registry.terraform.io/hashicorp/aws\"]",
      "instances": [
        {
          "index_key": 0,
          "schema_version": 0,
          "attributes": {
            "gateway_id": null,
            "id": "rtbassoc-02b6230b68239371a",
            "route_table_id": "rtb-0ca1617554442e371",
            "subnet_id": "subnet-046d5bb06ca9ebd85"
          },
          "private": "bnVsbA==",
          "dependencies": [
            "aws_route_table.public-dev",
            "aws_subnet.firewall-public-dev",
            "aws_vpc.development",
            "data.aws_availability_zones.available"
          ]
        },
        {
          "index_key": 1,
          "schema_version": 0,
          "attributes": {
            "gateway_id": null,
            "id": "rtbassoc-0fdb1a3debd25202d",
            "route_table_id": "rtb-0ca1617554442e371",
            "subnet_id": "subnet-02666d7a1b779518f"
          },
          "private": "bnVsbA==",
          "dependencies": [
            "aws_route_table.public-dev",
            "aws_subnet.firewall-public-dev",
            "aws_vpc.development",
            "data.aws_availability_zones.available"
          ]
        },
        {
          "index_key": 2,
          "schema_version": 0,
          "attributes": {
            "gateway_id": null,
            "id": "rtbassoc-0eefb108466bf3e9b",
            "route_table_id": "rtb-0ca1617554442e371",
            "subnet_id": "subnet-025f141861088cf99"
          },
          "private": "bnVsbA==",
          "dependencies": [
            "aws_route_table.public-dev",
            "aws_subnet.firewall-public-dev",
            "aws_vpc.development",
            "data.aws_availability_zones.available"
          ]
        }
      ]
    },
    {
      "mode": "managed",
      "type": "aws_security_group",
      "name": "dev-cluster-sg",
      "provider": "provider[\"registry.terraform.io/hashicorp/aws\"]",
      "instances": [
        {
          "schema_version": 1,
          "attributes": {
            "arn": "arn:aws:ec2:us-east-1:836079437595:security-group/sg-0c78704b3c765d322",
            "description": "Cluster communication with worker nodes",
            "egress": [
              {
                "cidr_blocks": [
                  "0.0.0.0/0"
                ],
                "description": "",
                "from_port": 0,
                "ipv6_cidr_blocks": [],
                "prefix_list_ids": [],
                "protocol": "-1",
                "security_groups": [],
                "self": false,
                "to_port": 0
              }
            ],
            "id": "sg-0c78704b3c765d322",
            "ingress": [
              {
                "cidr_blocks": [
                  "10.11.0.0/16"
                ],
                "description": "Allow access to API Server with VPN",
                "from_port": 443,
                "ipv6_cidr_blocks": [],
                "prefix_list_ids": [],
                "protocol": "tcp",
                "security_groups": [],
                "self": false,
                "to_port": 443
              },
              {
                "cidr_blocks": [
                  "10.16.0.0/16"
                ],
                "description": "",
                "from_port": 443,
                "ipv6_cidr_blocks": [],
                "prefix_list_ids": [],
                "protocol": "tcp",
                "security_groups": [],
                "self": false,
                "to_port": 443
              },
              {
                "cidr_blocks": [],
                "description": "Allow pods to communicate with the cluster API Server",
                "from_port": 443,
                "ipv6_cidr_blocks": [],
                "prefix_list_ids": [],
                "protocol": "tcp",
                "security_groups": [
                  "sg-0de00ea9f53dc1733"
                ],
                "self": false,
                "to_port": 443
              }
            ],
            "name": "terraform-eks-dev-cluster-sg",
            "name_prefix": "",
            "owner_id": "836079437595",
            "revoke_rules_on_delete": false,
            "tags": {
              "FUNCTION": "EKS-DEV",
              "Name": "terraform-eks-dev",
              "OWNER": "SURESH",
              "PRODUCT": "EKS-DEV",
              "TEAM": "DEVOPS"
            },
            "timeouts": null,
            "vpc_id": "vpc-017a10e7baaa211f9"
          },
          "private": "eyJlMmJmYjczMC1lY2FhLTExZTYtOGY4OC0zNDM2M2JjN2M0YzAiOnsiY3JlYXRlIjo2MDAwMDAwMDAwMDAsImRlbGV0ZSI6NjAwMDAwMDAwMDAwfSwic2NoZW1hX3ZlcnNpb24iOiIxIn0=",
          "dependencies": [
            "aws_vpc.development"
          ]
        }
      ]
    },
    {
      "mode": "managed",
      "type": "aws_security_group",
      "name": "dev-node",
      "provider": "provider[\"registry.terraform.io/hashicorp/aws\"]",
      "instances": [
        {
          "schema_version": 1,
          "attributes": {
            "arn": "arn:aws:ec2:us-east-1:836079437595:security-group/sg-0de00ea9f53dc1733",
            "description": "Security group for all nodes in the cluster",
            "egress": [
              {
                "cidr_blocks": [
                  "0.0.0.0/0"
                ],
                "description": "",
                "from_port": 2465,
                "ipv6_cidr_blocks": [
                  "::/0"
                ],
                "prefix_list_ids": [],
                "protocol": "tcp",
                "security_groups": [],
                "self": false,
                "to_port": 2465
              },
              {
                "cidr_blocks": [
                  "0.0.0.0/0"
                ],
                "description": "",
                "from_port": 25,
                "ipv6_cidr_blocks": [
                  "::/0"
                ],
                "prefix_list_ids": [],
                "protocol": "tcp",
                "security_groups": [],
                "self": false,
                "to_port": 25
              },
              {
                "cidr_blocks": [
                  "0.0.0.0/0"
                ],
                "description": "",
                "from_port": 443,
                "ipv6_cidr_blocks": [],
                "prefix_list_ids": [],
                "protocol": "tcp",
                "security_groups": [],
                "self": false,
                "to_port": 443
              },
              {
                "cidr_blocks": [
                  "0.0.0.0/0"
                ],
                "description": "",
                "from_port": 444,
                "ipv6_cidr_blocks": [],
                "prefix_list_ids": [],
                "protocol": "tcp",
                "security_groups": [],
                "self": false,
                "to_port": 444
              },
              {
                "cidr_blocks": [
                  "0.0.0.0/0"
                ],
                "description": "",
                "from_port": 465,
                "ipv6_cidr_blocks": [
                  "::/0"
                ],
                "prefix_list_ids": [],
                "protocol": "tcp",
                "security_groups": [],
                "self": false,
                "to_port": 465
              },
              {
                "cidr_blocks": [
                  "0.0.0.0/0"
                ],
                "description": "",
                "from_port": 587,
                "ipv6_cidr_blocks": [
                  "::/0"
                ],
                "prefix_list_ids": [],
                "protocol": "tcp",
                "security_groups": [],
                "self": false,
                "to_port": 587
              },
              {
                "cidr_blocks": [
                  "0.0.0.0/0"
                ],
                "description": "",
                "from_port": 80,
                "ipv6_cidr_blocks": [],
                "prefix_list_ids": [],
                "protocol": "tcp",
                "security_groups": [],
                "self": false,
                "to_port": 80
              },
              {
                "cidr_blocks": [
                  "0.0.0.0/0"
                ],
                "description": "",
                "from_port": 9092,
                "ipv6_cidr_blocks": [
                  "::/0"
                ],
                "prefix_list_ids": [],
                "protocol": "tcp",
                "security_groups": [],
                "self": false,
                "to_port": 9092
              },
              {
                "cidr_blocks": [
                  "0.0.0.0/0"
                ],
                "description": "",
                "from_port": 993,
                "ipv6_cidr_blocks": [
                  "::/0"
                ],
                "prefix_list_ids": [],
                "protocol": "tcp",
                "security_groups": [],
                "self": false,
                "to_port": 993
              },
              {
                "cidr_blocks": [
                  "10.11.0.0/16"
                ],
                "description": "MIQ VPN IP",
                "from_port": 0,
                "ipv6_cidr_blocks": [],
                "prefix_list_ids": [],
                "protocol": "-1",
                "security_groups": [],
                "self": false,
                "to_port": 0
              },
              {
                "cidr_blocks": [
                  "10.16.0.0/16"
                ],
                "description": "Slef vpc CIDR",
                "from_port": 0,
                "ipv6_cidr_blocks": [],
                "prefix_list_ids": [],
                "protocol": "-1",
                "security_groups": [],
                "self": false,
                "to_port": 0
              },
              {
                "cidr_blocks": [],
                "description": "",
                "from_port": 443,
                "ipv6_cidr_blocks": [
                  "::/0"
                ],
                "prefix_list_ids": [],
                "protocol": "tcp",
                "security_groups": [],
                "self": false,
                "to_port": 443
              }
            ],
            "id": "sg-0de00ea9f53dc1733",
            "ingress": [
              {
                "cidr_blocks": [
                  "10.11.0.0/16"
                ],
                "description": "Allow traffic from IT VPC",
                "from_port": 0,
                "ipv6_cidr_blocks": [],
                "prefix_list_ids": [],
                "protocol": "-1",
                "security_groups": [],
                "self": false,
                "to_port": 0
              },
              {
                "cidr_blocks": [
                  "10.16.0.0/16"
                ],
                "description": "Allow node to communicate within VPC",
                "from_port": 0,
                "ipv6_cidr_blocks": [],
                "prefix_list_ids": [],
                "protocol": "-1",
                "security_groups": [],
                "self": false,
                "to_port": 0
              },
              {
                "cidr_blocks": [
                  "10.16.0.0/16"
                ],
                "description": "kubernetes.io/rule/nlb/client=a8b1fe3519f7646f39141b57e82a1c64",
                "from_port": 31898,
                "ipv6_cidr_blocks": [],
                "prefix_list_ids": [],
                "protocol": "tcp",
                "security_groups": [],
                "self": false,
                "to_port": 31898
              },
              {
                "cidr_blocks": [
                  "10.16.0.0/16"
                ],
                "description": "kubernetes.io/rule/nlb/client=a8b1fe3519f7646f39141b57e82a1c64",
                "from_port": 32209,
                "ipv6_cidr_blocks": [],
                "prefix_list_ids": [],
                "protocol": "tcp",
                "security_groups": [],
                "self": false,
                "to_port": 32209
              },
              {
                "cidr_blocks": [
                  "10.16.0.0/16"
                ],
                "description": "kubernetes.io/rule/nlb/mtu",
                "from_port": 3,
                "ipv6_cidr_blocks": [],
                "prefix_list_ids": [],
                "protocol": "icmp",
                "security_groups": [],
                "self": false,
                "to_port": 4
              },
              {
                "cidr_blocks": [
                  "10.16.48.0/20",
                  "10.16.32.0/20",
                  "10.16.64.0/20"
                ],
                "description": "kubernetes.io/rule/nlb/health=a8b1fe3519f7646f39141b57e82a1c64",
                "from_port": 31487,
                "ipv6_cidr_blocks": [],
                "prefix_list_ids": [],
                "protocol": "tcp",
                "security_groups": [],
                "self": false,
                "to_port": 31487
              },
              {
                "cidr_blocks": [],
                "description": "",
                "from_port": 0,
                "ipv6_cidr_blocks": [],
                "prefix_list_ids": [],
                "protocol": "-1",
                "security_groups": [
                  "sg-01f5eb8e5b2369b3b",
                  "sg-0531b4e70f594ff43"
                ],
                "self": false,
                "to_port": 0
              },
              {
                "cidr_blocks": [],
                "description": "",
                "from_port": 0,
                "ipv6_cidr_blocks": [],
                "prefix_list_ids": [],
                "protocol": "-1",
                "security_groups": [
                  "sg-0252c39568aa2bc8f",
                  "sg-0851ad5df9802e878",
                  "sg-0c1cb524ed302f09c",
                  "sg-0f09a9e6f28cd90f4"
                ],
                "self": false,
                "to_port": 0
              },
              {
                "cidr_blocks": [],
                "description": "Allow HPA to receive communication from the cluster control plane",
                "from_port": 443,
                "ipv6_cidr_blocks": [],
                "prefix_list_ids": [],
                "protocol": "tcp",
                "security_groups": [
                  "sg-0c78704b3c765d322"
                ],
                "self": false,
                "to_port": 443
              },
              {
                "cidr_blocks": [],
                "description": "Allow HPA to receive communication from the cluster control plane",
                "from_port": 80,
                "ipv6_cidr_blocks": [],
                "prefix_list_ids": [],
                "protocol": "tcp",
                "security_groups": [
                  "sg-0c78704b3c765d322"
                ],
                "self": false,
                "to_port": 80
              },
              {
                "cidr_blocks": [],
                "description": "Allow node to communicate with each other",
                "from_port": 0,
                "ipv6_cidr_blocks": [],
                "prefix_list_ids": [],
                "protocol": "-1",
                "security_groups": [],
                "self": true,
                "to_port": 0
              },
              {
                "cidr_blocks": [],
                "description": "Allow worker Kubelets and pods to receive communication from the cluster control plane",
                "from_port": 1025,
                "ipv6_cidr_blocks": [],
                "prefix_list_ids": [],
                "protocol": "tcp",
                "security_groups": [
                  "sg-0c78704b3c765d322"
                ],
                "self": false,
                "to_port": 65535
              },
              {
                "cidr_blocks": [],
                "description": "SonarRDS SG",
                "from_port": 0,
                "ipv6_cidr_blocks": [],
                "prefix_list_ids": [],
                "protocol": "-1",
                "security_groups": [
                  "sg-0d039eccd02e39194"
                ],
                "self": false,
                "to_port": 0
              },
              {
                "cidr_blocks": [],
                "description": "Vault LB GS",
                "from_port": 0,
                "ipv6_cidr_blocks": [],
                "prefix_list_ids": [],
                "protocol": "-1",
                "security_groups": [
                  "sg-0a5ff62b267decd75"
                ],
                "self": false,
                "to_port": 0
              },
              {
                "cidr_blocks": [],
                "description": "elbv2.k8s.aws/targetGroupBinding=shared",
                "from_port": 0,
                "ipv6_cidr_blocks": [],
                "prefix_list_ids": [],
                "protocol": "tcp",
                "security_groups": [
                  "sg-000b0ada74bd55704"
                ],
                "self": false,
                "to_port": 65535
              },
              {
                "cidr_blocks": [],
                "description": "elbv2.k8s.aws/targetGroupBinding=shared",
                "from_port": 0,
                "ipv6_cidr_blocks": [],
                "prefix_list_ids": [],
                "protocol": "tcp",
                "security_groups": [
                  "sg-08b5a39681865e0d9"
                ],
                "self": false,
                "to_port": 65535
              }
            ],
            "name": "terraform-eks-dev-node",
            "name_prefix": "",
            "owner_id": "836079437595",
            "revoke_rules_on_delete": false,
            "tags": {
              "FUNCTION": "EKS-DEV",
              "Name": "terraform-eks-dev-node",
              "OWNER": "SURESH",
              "PRODUCT": "EKS-DEV",
              "TEAM": "DEVOPS",
              "kubernetes.io/cluster/eks-develop": "owned"
            },
            "timeouts": null,
            "vpc_id": "vpc-017a10e7baaa211f9"
          },
          "private": "eyJlMmJmYjczMC1lY2FhLTExZTYtOGY4OC0zNDM2M2JjN2M0YzAiOnsiY3JlYXRlIjo2MDAwMDAwMDAwMDAsImRlbGV0ZSI6NjAwMDAwMDAwMDAwfSwic2NoZW1hX3ZlcnNpb24iOiIxIn0=",
          "dependencies": [
            "aws_vpc.development"
          ]
        }
      ]
    },
    {
      "mode": "managed",
      "type": "aws_security_group",
      "name": "dev-rds-sg",
      "provider": "provider[\"registry.terraform.io/hashicorp/aws\"]",
      "instances": [
        {
          "schema_version": 1,
          "attributes": {
            "arn": "arn:aws:ec2:us-east-1:836079437595:security-group/sg-0d039eccd02e39194",
            "description": "Security group for RDS",
            "egress": [
              {
                "cidr_blocks": [
                  "0.0.0.0/0"
                ],
                "description": "",
                "from_port": 443,
                "ipv6_cidr_blocks": [],
                "prefix_list_ids": [],
                "protocol": "tcp",
                "security_groups": [],
                "self": false,
                "to_port": 443
              }
            ],
            "id": "sg-0d039eccd02e39194",
            "ingress": [
              {
                "cidr_blocks": [
                  "10.11.0.0/16"
                ],
                "description": "Allow IT VPC to communicate with MYSQL/Aurora",
                "from_port": 3306,
                "ipv6_cidr_blocks": [],
                "prefix_list_ids": [],
                "protocol": "tcp",
                "security_groups": [],
                "self": false,
                "to_port": 3306
              },
              {
                "cidr_blocks": [
                  "10.11.0.0/16"
                ],
                "description": "Allow IT VPC to communicate with Memcached",
                "from_port": 11211,
                "ipv6_cidr_blocks": [],
                "prefix_list_ids": [],
                "protocol": "tcp",
                "security_groups": [],
                "self": false,
                "to_port": 11211
              },
              {
                "cidr_blocks": [
                  "10.11.0.0/16"
                ],
                "description": "Allow IT VPC to communicate with PostgreSQL",
                "from_port": 5432,
                "ipv6_cidr_blocks": [],
                "prefix_list_ids": [],
                "protocol": "tcp",
                "security_groups": [],
                "self": false,
                "to_port": 5432
              },
              {
                "cidr_blocks": [
                  "10.11.0.0/16"
                ],
                "description": "Allow IT VPC to communicate with Redshift",
                "from_port": 5439,
                "ipv6_cidr_blocks": [],
                "prefix_list_ids": [],
                "protocol": "tcp",
                "security_groups": [],
                "self": false,
                "to_port": 5439
              },
              {
                "cidr_blocks": [
                  "10.16.0.0/16",
                  "10.11.0.0/16"
                ],
                "description": "",
                "from_port": 443,
                "ipv6_cidr_blocks": [],
                "prefix_list_ids": [],
                "protocol": "tcp",
                "security_groups": [],
                "self": false,
                "to_port": 443
              },
              {
                "cidr_blocks": [
                  "10.16.0.0/16",
                  "10.11.0.0/16"
                ],
                "description": "",
                "from_port": 6379,
                "ipv6_cidr_blocks": [],
                "prefix_list_ids": [],
                "protocol": "tcp",
                "security_groups": [],
                "self": false,
                "to_port": 6379
              },
              {
                "cidr_blocks": [
                  "10.16.0.0/16"
                ],
                "description": "",
                "from_port": 5432,
                "ipv6_cidr_blocks": [],
                "prefix_list_ids": [],
                "protocol": "tcp",
                "security_groups": [],
                "self": false,
                "to_port": 5432
              },
              {
                "cidr_blocks": [
                  "10.16.0.0/16"
                ],
                "description": "Allow Dev VPC to communicate with MYSQL/Aurora",
                "from_port": 3306,
                "ipv6_cidr_blocks": [],
                "prefix_list_ids": [],
                "protocol": "tcp",
                "security_groups": [],
                "self": false,
                "to_port": 3306
              },
              {
                "cidr_blocks": [
                  "10.16.0.0/16"
                ],
                "description": "Allow Dev VPC to communicate with Memcached",
                "from_port": 11211,
                "ipv6_cidr_blocks": [],
                "prefix_list_ids": [],
                "protocol": "tcp",
                "security_groups": [],
                "self": false,
                "to_port": 11211
              },
              {
                "cidr_blocks": [
                  "10.16.0.0/16"
                ],
                "description": "Allow Dev VPC to communicate with Redshift",
                "from_port": 5439,
                "ipv6_cidr_blocks": [],
                "prefix_list_ids": [],
                "protocol": "tcp",
                "security_groups": [],
                "self": false,
                "to_port": 5439
              },
              {
                "cidr_blocks": [
                  "3.81.44.43/32"
                ],
                "description": "qubole bastion public ip",
                "from_port": 3306,
                "ipv6_cidr_blocks": [],
                "prefix_list_ids": [],
                "protocol": "tcp",
                "security_groups": [],
                "self": false,
                "to_port": 3306
              },
              {
                "cidr_blocks": [],
                "description": "From EKS Node SG",
                "from_port": 0,
                "ipv6_cidr_blocks": [],
                "prefix_list_ids": [],
                "protocol": "-1",
                "security_groups": [
                  "sg-0de00ea9f53dc1733"
                ],
                "self": false,
                "to_port": 0
              }
            ],
            "name": "terraform-dev-rds-private",
            "name_prefix": "",
            "owner_id": "836079437595",
            "revoke_rules_on_delete": false,
            "tags": {
              "FUNCTION": "EKS-DEV",
              "Name": "terraform-rds-dev",
              "OWNER": "SURESH",
              "PRODUCT": "EKS-DEV",
              "TEAM": "DEVOPS"
            },
            "timeouts": null,
            "vpc_id": "vpc-017a10e7baaa211f9"
          },
          "private": "eyJlMmJmYjczMC1lY2FhLTExZTYtOGY4OC0zNDM2M2JjN2M0YzAiOnsiY3JlYXRlIjo2MDAwMDAwMDAwMDAsImRlbGV0ZSI6NjAwMDAwMDAwMDAwfSwic2NoZW1hX3ZlcnNpb24iOiIxIn0=",
          "dependencies": [
            "aws_vpc.development"
          ]
        }
      ]
    },
    {
      "mode": "managed",
      "type": "aws_security_group_rule",
      "name": "dev-cluster-ingress-it-vpc",
      "provider": "provider[\"registry.terraform.io/hashicorp/aws\"]",
      "instances": [
        {
          "schema_version": 2,
          "attributes": {
            "cidr_blocks": [
              "10.11.0.0/16"
            ],
            "description": "Allow access to API Server with VPN",
            "from_port": 443,
            "id": "sgrule-608770512",
            "ipv6_cidr_blocks": [],
            "prefix_list_ids": [],
            "protocol": "tcp",
            "security_group_id": "sg-0c78704b3c765d322",
            "self": false,
            "source_security_group_id": null,
            "to_port": 443,
            "type": "ingress"
          },
          "private": "eyJzY2hlbWFfdmVyc2lvbiI6IjIifQ==",
          "dependencies": [
            "aws_security_group.dev-cluster-sg",
            "aws_vpc.development"
          ]
        }
      ]
    },
    {
      "mode": "managed",
      "type": "aws_security_group_rule",
      "name": "dev-cluster-ingress-node-https",
      "provider": "provider[\"registry.terraform.io/hashicorp/aws\"]",
      "instances": [
        {
          "schema_version": 2,
          "attributes": {
            "cidr_blocks": [],
            "description": "Allow pods to communicate with the cluster API Server",
            "from_port": 443,
            "id": "sgrule-2378211655",
            "ipv6_cidr_blocks": [],
            "prefix_list_ids": [],
            "protocol": "tcp",
            "security_group_id": "sg-0c78704b3c765d322",
            "self": false,
            "source_security_group_id": "sg-0de00ea9f53dc1733",
            "to_port": 443,
            "type": "ingress"
          },
          "private": "eyJzY2hlbWFfdmVyc2lvbiI6IjIifQ==",
          "dependencies": [
            "aws_security_group.dev-cluster-sg",
            "aws_security_group.dev-node",
            "aws_vpc.development"
          ]
        }
      ]
    },
    {
      "mode": "managed",
      "type": "aws_security_group_rule",
      "name": "dev-node-ingress-cluster",
      "provider": "provider[\"registry.terraform.io/hashicorp/aws\"]",
      "instances": [
        {
          "schema_version": 2,
          "attributes": {
            "cidr_blocks": [],
            "description": "Allow worker Kubelets and pods to receive communication from the cluster control plane",
            "from_port": 1025,
            "id": "sgrule-3417759592",
            "ipv6_cidr_blocks": [],
            "prefix_list_ids": [],
            "protocol": "tcp",
            "security_group_id": "sg-0de00ea9f53dc1733",
            "self": false,
            "source_security_group_id": "sg-0c78704b3c765d322",
            "to_port": 65535,
            "type": "ingress"
          },
          "private": "eyJzY2hlbWFfdmVyc2lvbiI6IjIifQ==",
          "dependencies": [
            "aws_security_group.dev-cluster-sg",
            "aws_security_group.dev-node",
            "aws_vpc.development"
          ]
        }
      ]
    },
    {
      "mode": "managed",
      "type": "aws_security_group_rule",
      "name": "dev-node-ingress-hpa-http",
      "provider": "provider[\"registry.terraform.io/hashicorp/aws\"]",
      "instances": [
        {
          "schema_version": 2,
          "attributes": {
            "cidr_blocks": [],
            "description": "Allow HPA to receive communication from the cluster control plane",
            "from_port": 80,
            "id": "sgrule-3281789418",
            "ipv6_cidr_blocks": [],
            "prefix_list_ids": [],
            "protocol": "tcp",
            "security_group_id": "sg-0de00ea9f53dc1733",
            "self": false,
            "source_security_group_id": "sg-0c78704b3c765d322",
            "to_port": 80,
            "type": "ingress"
          },
          "private": "eyJzY2hlbWFfdmVyc2lvbiI6IjIifQ==",
          "dependencies": [
            "aws_security_group.dev-cluster-sg",
            "aws_security_group.dev-node",
            "aws_vpc.development"
          ]
        }
      ]
    },
    {
      "mode": "managed",
      "type": "aws_security_group_rule",
      "name": "dev-node-ingress-hpa-https",
      "provider": "provider[\"registry.terraform.io/hashicorp/aws\"]",
      "instances": [
        {
          "schema_version": 2,
          "attributes": {
            "cidr_blocks": [],
            "description": "Allow HPA to receive communication from the cluster control plane",
            "from_port": 443,
            "id": "sgrule-461601813",
            "ipv6_cidr_blocks": [],
            "prefix_list_ids": [],
            "protocol": "tcp",
            "security_group_id": "sg-0de00ea9f53dc1733",
            "self": false,
            "source_security_group_id": "sg-0c78704b3c765d322",
            "to_port": 443,
            "type": "ingress"
          },
          "private": "eyJzY2hlbWFfdmVyc2lvbiI6IjIifQ==",
          "dependencies": [
            "aws_security_group.dev-cluster-sg",
            "aws_security_group.dev-node",
            "aws_vpc.development"
          ]
        }
      ]
    },
    {
      "mode": "managed",
      "type": "aws_security_group_rule",
      "name": "dev-node-ingress-itvpc",
      "provider": "provider[\"registry.terraform.io/hashicorp/aws\"]",
      "instances": [
        {
          "schema_version": 2,
          "attributes": {
            "cidr_blocks": [
              "10.11.0.0/16"
            ],
            "description": "Allow traffic from IT VPC",
            "from_port": 0,
            "id": "sgrule-1781952679",
            "ipv6_cidr_blocks": [],
            "prefix_list_ids": [],
            "protocol": "-1",
            "security_group_id": "sg-0de00ea9f53dc1733",
            "self": false,
            "source_security_group_id": null,
            "to_port": 0,
            "type": "ingress"
          },
          "private": "eyJzY2hlbWFfdmVyc2lvbiI6IjIifQ==",
          "dependencies": [
            "aws_security_group.dev-node",
            "aws_vpc.development"
          ]
        }
      ]
    },
    {
      "mode": "managed",
      "type": "aws_security_group_rule",
      "name": "dev-node-ingress-self",
      "provider": "provider[\"registry.terraform.io/hashicorp/aws\"]",
      "instances": [
        {
          "schema_version": 2,
          "attributes": {
            "cidr_blocks": [],
            "description": "Allow node to communicate with each other",
            "from_port": 0,
            "id": "sgrule-4191452949",
            "ipv6_cidr_blocks": [],
            "prefix_list_ids": [],
            "protocol": "-1",
            "security_group_id": "sg-0de00ea9f53dc1733",
            "self": false,
            "source_security_group_id": "sg-0de00ea9f53dc1733",
            "to_port": 0,
            "type": "ingress"
          },
          "private": "eyJzY2hlbWFfdmVyc2lvbiI6IjIifQ==",
          "dependencies": [
            "aws_security_group.dev-node",
            "aws_vpc.development"
          ]
        }
      ]
    },
    {
      "mode": "managed",
      "type": "aws_security_group_rule",
      "name": "dev-node-ingress-self-vpc",
      "provider": "provider[\"registry.terraform.io/hashicorp/aws\"]",
      "instances": [
        {
          "schema_version": 2,
          "attributes": {
            "cidr_blocks": [
              "10.16.0.0/16"
            ],
            "description": "Allow node to communicate within VPC",
            "from_port": 0,
            "id": "sgrule-240590190",
            "ipv6_cidr_blocks": [],
            "prefix_list_ids": [],
            "protocol": "-1",
            "security_group_id": "sg-0de00ea9f53dc1733",
            "self": false,
            "source_security_group_id": null,
            "to_port": 0,
            "type": "ingress"
          },
          "private": "eyJzY2hlbWFfdmVyc2lvbiI6IjIifQ==",
          "dependencies": [
            "aws_security_group.dev-node",
            "aws_vpc.development"
          ]
        }
      ]
    },
    {
      "mode": "managed",
      "type": "aws_security_group_rule",
      "name": "dev-rds-ingress-dev-vpc",
      "provider": "provider[\"registry.terraform.io/hashicorp/aws\"]",
      "instances": [
        {
          "schema_version": 2,
          "attributes": {
            "cidr_blocks": [
              "10.16.0.0/16"
            ],
            "description": "Allow Dev VPC to communicate with MYSQL/Aurora",
            "from_port": 3306,
            "id": "sgrule-401040622",
            "ipv6_cidr_blocks": [],
            "prefix_list_ids": [],
            "protocol": "tcp",
            "security_group_id": "sg-0d039eccd02e39194",
            "self": false,
            "source_security_group_id": null,
            "to_port": 3306,
            "type": "ingress"
          },
          "private": "eyJzY2hlbWFfdmVyc2lvbiI6IjIifQ==",
          "dependencies": [
            "aws_security_group.dev-rds-sg"
          ]
        }
      ]
    },
    {
      "mode": "managed",
      "type": "aws_security_group_rule",
      "name": "dev-rds-ingress-it-vpc",
      "provider": "provider[\"registry.terraform.io/hashicorp/aws\"]",
      "instances": [
        {
          "schema_version": 2,
          "attributes": {
            "cidr_blocks": [
              "10.11.0.0/16"
            ],
            "description": "Allow IT VPC to communicate with MYSQL/Aurora",
            "from_port": 3306,
            "id": "sgrule-1938164007",
            "ipv6_cidr_blocks": [],
            "prefix_list_ids": [],
            "protocol": "tcp",
            "security_group_id": "sg-0d039eccd02e39194",
            "self": false,
            "source_security_group_id": null,
            "to_port": 3306,
            "type": "ingress"
          },
          "private": "eyJzY2hlbWFfdmVyc2lvbiI6IjIifQ==",
          "dependencies": [
            "aws_security_group.dev-rds-sg",
            "aws_vpc.development"
          ]
        }
      ]
    },
    {
      "mode": "managed",
      "type": "aws_subnet",
      "name": "firewall-public-dev",
      "provider": "provider[\"registry.terraform.io/hashicorp/aws\"]",
      "instances": [
        {
          "index_key": 0,
          "schema_version": 1,
          "attributes": {
            "arn": "arn:aws:ec2:us-east-1:836079437595:subnet/subnet-046d5bb06ca9ebd85",
            "assign_ipv6_address_on_creation": false,
            "availability_zone": "us-east-1a",
            "availability_zone_id": "use1-az6",
            "cidr_block": "10.16.12.0/22",
            "id": "subnet-046d5bb06ca9ebd85",
            "ipv6_cidr_block": "",
            "ipv6_cidr_block_association_id": "",
            "map_public_ip_on_launch": false,
            "outpost_arn": "",
            "owner_id": "836079437595",
            "tags": {
              "Name": "terraform-eks-public-firewall-subnet"
            },
            "timeouts": null,
            "vpc_id": "vpc-017a10e7baaa211f9"
          },
          "private": "eyJlMmJmYjczMC1lY2FhLTExZTYtOGY4OC0zNDM2M2JjN2M0YzAiOnsiY3JlYXRlIjo2MDAwMDAwMDAwMDAsImRlbGV0ZSI6MTIwMDAwMDAwMDAwMH0sInNjaGVtYV92ZXJzaW9uIjoiMSJ9",
          "dependencies": [
            "aws_vpc.development",
            "data.aws_availability_zones.available"
          ]
        },
        {
          "index_key": 1,
          "schema_version": 1,
          "attributes": {
            "arn": "arn:aws:ec2:us-east-1:836079437595:subnet/subnet-02666d7a1b779518f",
            "assign_ipv6_address_on_creation": false,
            "availability_zone": "us-east-1b",
            "availability_zone_id": "use1-az1",
            "cidr_block": "10.16.16.0/22",
            "id": "subnet-02666d7a1b779518f",
            "ipv6_cidr_block": "",
            "ipv6_cidr_block_association_id": "",
            "map_public_ip_on_launch": false,
            "outpost_arn": "",
            "owner_id": "836079437595",
            "tags": {
              "Name": "terraform-eks-public-firewall-subnet"
            },
            "timeouts": null,
            "vpc_id": "vpc-017a10e7baaa211f9"
          },
          "private": "eyJlMmJmYjczMC1lY2FhLTExZTYtOGY4OC0zNDM2M2JjN2M0YzAiOnsiY3JlYXRlIjo2MDAwMDAwMDAwMDAsImRlbGV0ZSI6MTIwMDAwMDAwMDAwMH0sInNjaGVtYV92ZXJzaW9uIjoiMSJ9",
          "dependencies": [
            "aws_vpc.development",
            "data.aws_availability_zones.available"
          ]
        },
        {
          "index_key": 2,
          "schema_version": 1,
          "attributes": {
            "arn": "arn:aws:ec2:us-east-1:836079437595:subnet/subnet-025f141861088cf99",
            "assign_ipv6_address_on_creation": false,
            "availability_zone": "us-east-1c",
            "availability_zone_id": "use1-az2",
            "cidr_block": "10.16.20.0/22",
            "id": "subnet-025f141861088cf99",
            "ipv6_cidr_block": "",
            "ipv6_cidr_block_association_id": "",
            "map_public_ip_on_launch": false,
            "outpost_arn": "",
            "owner_id": "836079437595",
            "tags": {
              "Name": "terraform-eks-public-firewall-subnet"
            },
            "timeouts": null,
            "vpc_id": "vpc-017a10e7baaa211f9"
          },
          "private": "eyJlMmJmYjczMC1lY2FhLTExZTYtOGY4OC0zNDM2M2JjN2M0YzAiOnsiY3JlYXRlIjo2MDAwMDAwMDAwMDAsImRlbGV0ZSI6MTIwMDAwMDAwMDAwMH0sInNjaGVtYV92ZXJzaW9uIjoiMSJ9",
          "dependencies": [
            "aws_vpc.development",
            "data.aws_availability_zones.available"
          ]
        }
      ]
    },
    {
      "mode": "managed",
      "type": "aws_subnet",
      "name": "private-dev",
      "provider": "provider[\"registry.terraform.io/hashicorp/aws\"]",
      "instances": [
        {
          "index_key": 0,
          "schema_version": 1,
          "attributes": {
            "arn": "arn:aws:ec2:us-east-1:836079437595:subnet/subnet-0cf37863f39361a95",
            "assign_ipv6_address_on_creation": false,
            "availability_zone": "us-east-1a",
            "availability_zone_id": "use1-az6",
            "cidr_block": "10.16.32.0/20",
            "id": "subnet-0cf37863f39361a95",
            "ipv6_cidr_block": "",
            "ipv6_cidr_block_association_id": "",
            "map_public_ip_on_launch": false,
            "outpost_arn": "",
            "owner_id": "836079437595",
            "tags": {
              "Environment": "Prod",
              "FUNCTION": "EKS-DEV",
              "Name": "terraform-eks-private-subnet-app",
              "OWNER": "SONY",
              "PRODUCT": "EKS-DEV",
              "TEAM": "IT",
              "Tier": "Private",
              "kubernetes.io/cluster/eks-develop": "shared",
              "kubernetes.io/role/internal-elb": "1"
            },
            "timeouts": null,
            "vpc_id": "vpc-017a10e7baaa211f9"
          },
          "private": "eyJlMmJmYjczMC1lY2FhLTExZTYtOGY4OC0zNDM2M2JjN2M0YzAiOnsiY3JlYXRlIjo2MDAwMDAwMDAwMDAsImRlbGV0ZSI6MTIwMDAwMDAwMDAwMH0sInNjaGVtYV92ZXJzaW9uIjoiMSJ9",
          "dependencies": [
            "aws_vpc.development",
            "data.aws_availability_zones.available"
          ]
        },
        {
          "index_key": 1,
          "schema_version": 1,
          "attributes": {
            "arn": "arn:aws:ec2:us-east-1:836079437595:subnet/subnet-0acb01add82d7db5f",
            "assign_ipv6_address_on_creation": false,
            "availability_zone": "us-east-1b",
            "availability_zone_id": "use1-az1",
            "cidr_block": "10.16.48.0/20",
            "id": "subnet-0acb01add82d7db5f",
            "ipv6_cidr_block": "",
            "ipv6_cidr_block_association_id": "",
            "map_public_ip_on_launch": false,
            "outpost_arn": "",
            "owner_id": "836079437595",
            "tags": {
              "Environment": "Prod",
              "FUNCTION": "EKS-DEV",
              "Name": "terraform-eks-private-subnet-app",
              "OWNER": "SONY",
              "PRODUCT": "EKS-DEV",
              "TEAM": "IT",
              "Tier": "Private",
              "kubernetes.io/cluster/eks-develop": "shared",
              "kubernetes.io/role/internal-elb": "1"
            },
            "timeouts": null,
            "vpc_id": "vpc-017a10e7baaa211f9"
          },
          "private": "eyJlMmJmYjczMC1lY2FhLTExZTYtOGY4OC0zNDM2M2JjN2M0YzAiOnsiY3JlYXRlIjo2MDAwMDAwMDAwMDAsImRlbGV0ZSI6MTIwMDAwMDAwMDAwMH0sInNjaGVtYV92ZXJzaW9uIjoiMSJ9",
          "dependencies": [
            "aws_vpc.development",
            "data.aws_availability_zones.available"
          ]
        },
        {
          "index_key": 2,
          "schema_version": 1,
          "attributes": {
            "arn": "arn:aws:ec2:us-east-1:836079437595:subnet/subnet-0673ae596da57e2db",
            "assign_ipv6_address_on_creation": false,
            "availability_zone": "us-east-1c",
            "availability_zone_id": "use1-az2",
            "cidr_block": "10.16.64.0/20",
            "id": "subnet-0673ae596da57e2db",
            "ipv6_cidr_block": "",
            "ipv6_cidr_block_association_id": "",
            "map_public_ip_on_launch": false,
            "outpost_arn": "",
            "owner_id": "836079437595",
            "tags": {
              "Environment": "Prod",
              "FUNCTION": "EKS-DEV",
              "Name": "terraform-eks-private-subnet-app",
              "OWNER": "SONY",
              "PRODUCT": "EKS-DEV",
              "TEAM": "IT",
              "Tier": "Private",
              "kubernetes.io/cluster/eks-develop": "shared",
              "kubernetes.io/role/internal-elb": "1"
            },
            "timeouts": null,
            "vpc_id": "vpc-017a10e7baaa211f9"
          },
          "private": "eyJlMmJmYjczMC1lY2FhLTExZTYtOGY4OC0zNDM2M2JjN2M0YzAiOnsiY3JlYXRlIjo2MDAwMDAwMDAwMDAsImRlbGV0ZSI6MTIwMDAwMDAwMDAwMH0sInNjaGVtYV92ZXJzaW9uIjoiMSJ9",
          "dependencies": [
            "aws_vpc.development",
            "data.aws_availability_zones.available"
          ]
        }
      ]
    },
    {
      "mode": "managed",
      "type": "aws_subnet",
      "name": "private-dev-db",
      "provider": "provider[\"registry.terraform.io/hashicorp/aws\"]",
      "instances": [
        {
          "index_key": 0,
          "schema_version": 1,
          "attributes": {
            "arn": "arn:aws:ec2:us-east-1:836079437595:subnet/subnet-0d7b614765f3f2f89",
            "assign_ipv6_address_on_creation": false,
            "availability_zone": "us-east-1a",
            "availability_zone_id": "use1-az6",
            "cidr_block": "10.16.80.0/20",
            "id": "subnet-0d7b614765f3f2f89",
            "ipv6_cidr_block": "",
            "ipv6_cidr_block_association_id": "",
            "map_public_ip_on_launch": false,
            "outpost_arn": "",
            "owner_id": "836079437595",
            "tags": {
              "ENVIRONMENT": "DEVELOPMENT",
              "FUNCTION": "EKS-DEV",
              "Name": "terraform-eks-private-subnet-db",
              "OWNER": "SONY",
              "PRODUCT": "EKS-DEV",
              "TEAM": "IT"
            },
            "timeouts": null,
            "vpc_id": "vpc-017a10e7baaa211f9"
          },
          "private": "eyJlMmJmYjczMC1lY2FhLTExZTYtOGY4OC0zNDM2M2JjN2M0YzAiOnsiY3JlYXRlIjo2MDAwMDAwMDAwMDAsImRlbGV0ZSI6MTIwMDAwMDAwMDAwMH0sInNjaGVtYV92ZXJzaW9uIjoiMSJ9",
          "dependencies": [
            "aws_vpc.development",
            "data.aws_availability_zones.available"
          ]
        },
        {
          "index_key": 1,
          "schema_version": 1,
          "attributes": {
            "arn": "arn:aws:ec2:us-east-1:836079437595:subnet/subnet-090645ace4b8289bb",
            "assign_ipv6_address_on_creation": false,
            "availability_zone": "us-east-1b",
            "availability_zone_id": "use1-az1",
            "cidr_block": "10.16.96.0/20",
            "id": "subnet-090645ace4b8289bb",
            "ipv6_cidr_block": "",
            "ipv6_cidr_block_association_id": "",
            "map_public_ip_on_launch": false,
            "outpost_arn": "",
            "owner_id": "836079437595",
            "tags": {
              "ENVIRONMENT": "DEVELOPMENT",
              "FUNCTION": "EKS-DEV",
              "Name": "terraform-eks-private-subnet-db",
              "OWNER": "SONY",
              "PRODUCT": "EKS-DEV",
              "TEAM": "IT"
            },
            "timeouts": null,
            "vpc_id": "vpc-017a10e7baaa211f9"
          },
          "private": "eyJlMmJmYjczMC1lY2FhLTExZTYtOGY4OC0zNDM2M2JjN2M0YzAiOnsiY3JlYXRlIjo2MDAwMDAwMDAwMDAsImRlbGV0ZSI6MTIwMDAwMDAwMDAwMH0sInNjaGVtYV92ZXJzaW9uIjoiMSJ9",
          "dependencies": [
            "aws_vpc.development",
            "data.aws_availability_zones.available"
          ]
        },
        {
          "index_key": 2,
          "schema_version": 1,
          "attributes": {
            "arn": "arn:aws:ec2:us-east-1:836079437595:subnet/subnet-0ab8034f45c905043",
            "assign_ipv6_address_on_creation": false,
            "availability_zone": "us-east-1c",
            "availability_zone_id": "use1-az2",
            "cidr_block": "10.16.112.0/20",
            "id": "subnet-0ab8034f45c905043",
            "ipv6_cidr_block": "",
            "ipv6_cidr_block_association_id": "",
            "map_public_ip_on_launch": false,
            "outpost_arn": "",
            "owner_id": "836079437595",
            "tags": {
              "ENVIRONMENT": "DEVELOPMENT",
              "FUNCTION": "EKS-DEV",
              "Name": "terraform-eks-private-subnet-db",
              "OWNER": "SONY",
              "PRODUCT": "EKS-DEV",
              "TEAM": "IT"
            },
            "timeouts": null,
            "vpc_id": "vpc-017a10e7baaa211f9"
          },
          "private": "eyJlMmJmYjczMC1lY2FhLTExZTYtOGY4OC0zNDM2M2JjN2M0YzAiOnsiY3JlYXRlIjo2MDAwMDAwMDAwMDAsImRlbGV0ZSI6MTIwMDAwMDAwMDAwMH0sInNjaGVtYV92ZXJzaW9uIjoiMSJ9",
          "dependencies": [
            "aws_vpc.development",
            "data.aws_availability_zones.available"
          ]
        }
      ]
    },
    {
      "mode": "managed",
      "type": "aws_subnet",
      "name": "public-dev",
      "provider": "provider[\"registry.terraform.io/hashicorp/aws\"]",
      "instances": [
        {
          "index_key": 0,
          "schema_version": 1,
          "attributes": {
            "arn": "arn:aws:ec2:us-east-1:836079437595:subnet/subnet-0f2afd3357e724728",
            "assign_ipv6_address_on_creation": false,
            "availability_zone": "us-east-1a",
            "availability_zone_id": "use1-az6",
            "cidr_block": "10.16.0.0/22",
            "id": "subnet-0f2afd3357e724728",
            "ipv6_cidr_block": "",
            "ipv6_cidr_block_association_id": "",
            "map_public_ip_on_launch": true,
            "outpost_arn": "",
            "owner_id": "836079437595",
            "tags": {
              "Environment": "Prod",
              "FUNCTION": "EKS-DEV",
              "Name": "terraform-eks-public-subnet-firewall-protected",
              "OWNER": "SONY",
              "PRODUCT": "EKS-DEV",
              "TEAM": "IT",
              "Tier": "Public",
              "kubernetes.io/cluster/eks-develop": "shared",
              "kubernetes.io/role/elb": "1"
            },
            "timeouts": null,
            "vpc_id": "vpc-017a10e7baaa211f9"
          },
          "private": "eyJlMmJmYjczMC1lY2FhLTExZTYtOGY4OC0zNDM2M2JjN2M0YzAiOnsiY3JlYXRlIjo2MDAwMDAwMDAwMDAsImRlbGV0ZSI6MTIwMDAwMDAwMDAwMH0sInNjaGVtYV92ZXJzaW9uIjoiMSJ9",
          "dependencies": [
            "aws_vpc.development",
            "data.aws_availability_zones.available"
          ]
        },
        {
          "index_key": 1,
          "schema_version": 1,
          "attributes": {
            "arn": "arn:aws:ec2:us-east-1:836079437595:subnet/subnet-04b1918f56cd908a7",
            "assign_ipv6_address_on_creation": false,
            "availability_zone": "us-east-1b",
            "availability_zone_id": "use1-az1",
            "cidr_block": "10.16.4.0/22",
            "id": "subnet-04b1918f56cd908a7",
            "ipv6_cidr_block": "",
            "ipv6_cidr_block_association_id": "",
            "map_public_ip_on_launch": true,
            "outpost_arn": "",
            "owner_id": "836079437595",
            "tags": {
              "Environment": "Prod",
              "FUNCTION": "EKS-DEV",
              "Name": "terraform-eks-public-subnet-firewall-protected",
              "OWNER": "SONY",
              "PRODUCT": "EKS-DEV",
              "TEAM": "IT",
              "Tier": "Public",
              "kubernetes.io/cluster/eks-develop": "shared",
              "kubernetes.io/role/elb": "1"
            },
            "timeouts": null,
            "vpc_id": "vpc-017a10e7baaa211f9"
          },
          "private": "eyJlMmJmYjczMC1lY2FhLTExZTYtOGY4OC0zNDM2M2JjN2M0YzAiOnsiY3JlYXRlIjo2MDAwMDAwMDAwMDAsImRlbGV0ZSI6MTIwMDAwMDAwMDAwMH0sInNjaGVtYV92ZXJzaW9uIjoiMSJ9",
          "dependencies": [
            "aws_vpc.development",
            "data.aws_availability_zones.available"
          ]
        },
        {
          "index_key": 2,
          "schema_version": 1,
          "attributes": {
            "arn": "arn:aws:ec2:us-east-1:836079437595:subnet/subnet-018b32be1a73dd6f9",
            "assign_ipv6_address_on_creation": false,
            "availability_zone": "us-east-1c",
            "availability_zone_id": "use1-az2",
            "cidr_block": "10.16.8.0/22",
            "id": "subnet-018b32be1a73dd6f9",
            "ipv6_cidr_block": "",
            "ipv6_cidr_block_association_id": "",
            "map_public_ip_on_launch": true,
            "outpost_arn": "",
            "owner_id": "836079437595",
            "tags": {
              "Environment": "Prod",
              "FUNCTION": "EKS-DEV",
              "Name": "terraform-eks-public-subnet-firewall-protected",
              "OWNER": "SONY",
              "PRODUCT": "EKS-DEV",
              "TEAM": "IT",
              "Tier": "Public",
              "kubernetes.io/cluster/eks-develop": "shared",
              "kubernetes.io/role/elb": "1"
            },
            "timeouts": null,
            "vpc_id": "vpc-017a10e7baaa211f9"
          },
          "private": "eyJlMmJmYjczMC1lY2FhLTExZTYtOGY4OC0zNDM2M2JjN2M0YzAiOnsiY3JlYXRlIjo2MDAwMDAwMDAwMDAsImRlbGV0ZSI6MTIwMDAwMDAwMDAwMH0sInNjaGVtYV92ZXJzaW9uIjoiMSJ9",
          "dependencies": [
            "aws_vpc.development",
            "data.aws_availability_zones.available"
          ]
        }
      ]
    },
    {
      "mode": "managed",
      "type": "aws_vpc",
      "name": "development",
      "provider": "provider[\"registry.terraform.io/hashicorp/aws\"]",
      "instances": [
        {
          "schema_version": 1,
          "attributes": {
            "arn": "arn:aws:ec2:us-east-1:836079437595:vpc/vpc-017a10e7baaa211f9",
            "assign_generated_ipv6_cidr_block": false,
            "cidr_block": "10.16.0.0/16",
            "default_network_acl_id": "acl-04db295ca9bd8a42b",
            "default_route_table_id": "rtb-0f8ec8e87ac21a922",
            "default_security_group_id": "sg-0d52d6b5a25cd3c4a",
            "dhcp_options_id": "dopt-18054462",
            "enable_classiclink": false,
            "enable_classiclink_dns_support": false,
            "enable_dns_hostnames": true,
            "enable_dns_support": true,
            "id": "vpc-017a10e7baaa211f9",
            "instance_tenancy": "default",
            "ipv6_association_id": "",
            "ipv6_cidr_block": "",
            "main_route_table_id": "rtb-0f8ec8e87ac21a922",
            "owner_id": "836079437595",
            "tags": {
              "Name": "MiQ-Dev",
              "kubernetes.io/cluster/eks-develop": "shared"
            }
          },
          "private": "eyJzY2hlbWFfdmVyc2lvbiI6IjEifQ=="
        }
      ]
    },
    {
      "mode": "managed",
      "type": "aws_vpc_endpoint",
      "name": "s3",
      "provider": "provider[\"registry.terraform.io/hashicorp/aws\"]",
      "instances": [
        {
          "schema_version": 0,
          "attributes": {
            "arn": "arn:aws:ec2:us-east-1:836079437595:vpc-endpoint/vpce-0da7974b5efc84d6b",
            "auto_accept": null,
            "cidr_blocks": [
              "54.231.0.0/17",
              "52.216.0.0/15",
              "3.5.0.0/18"
            ],
            "dns_entry": [],
            "id": "vpce-0da7974b5efc84d6b",
            "network_interface_ids": [],
            "owner_id": "836079437595",
            "policy": "{\"Statement\":[{\"Action\":\"*\",\"Effect\":\"Allow\",\"Principal\":\"*\",\"Resource\":\"*\"}],\"Version\":\"2008-10-17\"}",
            "prefix_list_id": "pl-63a5400a",
            "private_dns_enabled": false,
            "requester_managed": false,
            "route_table_ids": [
              "rtb-07efa3e7fcaa8e31f",
              "rtb-0a2a13f5222e1af2c",
              "rtb-0b01175aa5ddb72cb",
              "rtb-0f3aa21bd7ec2ff69",
              "rtb-0f6a92fb37f74eb79",
              "rtb-0fe26c09d6b78983a"
            ],
            "security_group_ids": [],
            "service_name": "com.amazonaws.us-east-1.s3",
            "state": "available",
            "subnet_ids": [],
            "tags": {
              "ENVIRONMENT": "DEVELOPMENT",
              "FUNCTION": "EKS-DEV",
              "Name": "eks-dev-s3-endpoint",
              "OWNER": "SONY",
              "PRODUCT": "EKS-DEV",
              "TEAM": "IT"
            },
            "timeouts": null,
            "vpc_endpoint_type": "Gateway",
            "vpc_id": "vpc-017a10e7baaa211f9"
          },
          "private": "eyJlMmJmYjczMC1lY2FhLTExZTYtOGY4OC0zNDM2M2JjN2M0YzAiOnsiY3JlYXRlIjo2MDAwMDAwMDAwMDAsImRlbGV0ZSI6NjAwMDAwMDAwMDAwLCJ1cGRhdGUiOjYwMDAwMDAwMDAwMH19",
          "dependencies": [
            "aws_vpc.development"
          ]
        }
      ]
    },
    {
      "mode": "managed",
      "type": "aws_vpc_peering_connection",
      "name": "eks2itvpc",
      "provider": "provider[\"registry.terraform.io/hashicorp/aws\"]",
      "instances": [
        {
          "schema_version": 0,
          "attributes": {
            "accept_status": "active",
            "accepter": [],
            "auto_accept": false,
            "id": "pcx-002e01ae543ad8a50",
            "peer_owner_id": "654856854863",
            "peer_region": "eu-west-2",
            "peer_vpc_id": "vpc-0e3d89d7f54662593",
            "requester": [
              {
                "allow_classic_link_to_remote_vpc": false,
                "allow_remote_vpc_dns_resolution": true,
                "allow_vpc_to_remote_classic_link": false
              }
            ],
            "tags": {
              "Side": "Requester"
            },
            "timeouts": null,
            "vpc_id": "vpc-017a10e7baaa211f9"
          },
          "private": "eyJlMmJmYjczMC1lY2FhLTExZTYtOGY4OC0zNDM2M2JjN2M0YzAiOnsiY3JlYXRlIjo2MDAwMDAwMDAwMCwiZGVsZXRlIjo2MDAwMDAwMDAwMCwidXBkYXRlIjo2MDAwMDAwMDAwMH19",
          "dependencies": [
            "aws_vpc.development"
          ]
        }
      ]
    },
    {
      "mode": "managed",
      "type": "aws_vpn_gateway",
      "name": "vpn_gw",
      "provider": "provider[\"registry.terraform.io/hashicorp/aws\"]",
      "instances": [
        {
          "schema_version": 0,
          "attributes": {
            "amazon_side_asn": "64512",
            "arn": "arn:aws:ec2:us-east-1:836079437595:vpn-gateway/vgw-0d07ab4d8a7ebafa8",
            "availability_zone": null,
            "id": "vgw-0d07ab4d8a7ebafa8",
            "tags": {
              "ENVIRONMENT": "DEVELOPMENT",
              "FUNCTION": "EKS-DEV",
              "Name": "eks-dev vpn gateway",
              "OWNER": "SONY",
              "PRODUCT": "EKS-DEV",
              "TEAM": "IT"
            },
            "vpc_id": "vpc-017a10e7baaa211f9"
          },
          "private": "bnVsbA==",
          "dependencies": [
            "aws_vpc.development"
          ]
        }
      ]
    }
  ]
}
